
Microsoft Visual Studio Solution File, Format Version 10.00
# Visual Studio 2008
Project("{FAE04EC0-301F-11D3-BF4B-00C04F79EFBC}") = "BuildAssembler", "BuildAssembler\BuildAssembler\BuildAssembler.csproj", "{5BA19924-5A65-46E0-97CD-948595932584}"
EndProject
Project("{FAE04EC0-301F-11D3-BF4B-00C04F79EFBC}") = "BuildAssemblerLibrary", "BuildAssembler\BuildAssemblerLibrary\BuildAssemblerLibrary.csproj", "{399E78F8-4954-409E-991A-37DA9D0579CC}"
EndProject
Project("{FAE04EC0-301F-11D3-BF4B-00C04F79EFBC}") = "BuildComponents", "BuildAssembler\BuildComponents\BuildComponents.csproj", "{30773718-BC7C-4FCC-A9C2-7EE61DF4EC41}"
EndProject
Project("{FAE04EC0-301F-11D3-BF4B-00C04F79EFBC}") = "CopyComponents", "BuildAssembler\CopyComponents\CopyComponents.csproj", "{E64725D7-2208-4C28-922D-B6543C0BC483}"
EndProject
Project("{FAE04EC0-301F-11D3-BF4B-00C04F79EFBC}") = "SyntaxComponents", "BuildAssembler\SyntaxComponents\SyntaxComponents.csproj", "{CEAEC85B-973A-4414-8668-723EB65E5088}"
EndProject
Project("{FAE04EC0-301F-11D3-BF4B-00C04F79EFBC}") = "CCI", "CCI\CCI.csproj", "{4CB332D6-976E-44F6-A320-A515A9D1D1D3}"
EndProject
Project("{FAE04EC0-301F-11D3-BF4B-00C04F79EFBC}") = "ChmBuilder", "ChmBuilder\ChmBuilder.csproj", "{D17FA1CB-06EF-43A6-B11E-2B8E2661AA6D}"
EndProject
Project("{2150E333-8FDC-42A3-9474-1A3956D46DE8}") = "Build Assembler", "Build Assembler", "{9E55F052-6831-473C-82D8-0BA2CDAAEF2C}"
EndProject
Project("{FAE04EC0-301F-11D3-BF4B-00C04F79EFBC}") = "CommandLine", "CommandLine\CommandLine.csproj", "{6CF7CA42-3706-4F6B-A2B4-10EF3F511888}"
EndProject
Project("{FAE04EC0-301F-11D3-BF4B-00C04F79EFBC}") = "DBCSFix", "DBCSFix\DBCSFix.csproj", "{80407AE8-7A1F-4C28-8627-6C871E1D717A}"
EndProject
Project("{FAE04EC0-301F-11D3-BF4B-00C04F79EFBC}") = "MRefBuilder", "MRefBuilder\MRefBuilder.csproj", "{A8DCAD75-879F-4C97-803B-C9A17F227B04}"
EndProject
Project("{FAE04EC0-301F-11D3-BF4B-00C04F79EFBC}") = "Reflection", "Reflection\Reflection.csproj", "{74F5EB3F-DC99-4FBE-9495-EE378FC60F65}"
EndProject
Project("{FAE04EC0-301F-11D3-BF4B-00C04F79EFBC}") = "MergeXml", "XmlCat\MergeXml.csproj", "{1CEE1BB8-10BF-483E-A54A-F97B308ABA0A}"
EndProject
Project("{FAE04EC0-301F-11D3-BF4B-00C04F79EFBC}") = "XslTransform", "XslTransform\XslTransform.csproj", "{88A4B9E2-AE05-4817-879C-15461DA29761}"
EndProject
Global
	GlobalSection(SolutionConfigurationPlatforms) = preSolution
		Debug|Any CPU = Debug|Any CPU
		Release|Any CPU = Release|Any CPU
		Sandcastle|Any CPU = Sandcastle|Any CPU
		WebDocsDebug|Any CPU = WebDocsDebug|Any CPU
	EndGlobalSection
	GlobalSection(ProjectConfigurationPlatforms) = postSolution
		{5BA19924-5A65-46E0-97CD-948595932584}.Debug|Any CPU.ActiveCfg = Debug|Any CPU
		{5BA19924-5A65-46E0-97CD-948595932584}.Debug|Any CPU.Build.0 = Debug|Any CPU
		{5BA19924-5A65-46E0-97CD-948595932584}.Release|Any CPU.ActiveCfg = Release|Any CPU
		{5BA19924-5A65-46E0-97CD-948595932584}.Release|Any CPU.Build.0 = Release|Any CPU
		{5BA19924-5A65-46E0-97CD-948595932584}.Sandcastle|Any CPU.ActiveCfg = Sandcastle|Any CPU
		{5BA19924-5A65-46E0-97CD-948595932584}.Sandcastle|Any CPU.Build.0 = Sandcastle|Any CPU
		{5BA19924-5A65-46E0-97CD-948595932584}.WebDocsDebug|Any CPU.ActiveCfg = WebDocsDebug|Any CPU
		{5BA19924-5A65-46E0-97CD-948595932584}.WebDocsDebug|Any CPU.Build.0 = WebDocsDebug|Any CPU
		{399E78F8-4954-409E-991A-37DA9D0579CC}.Debug|Any CPU.ActiveCfg = Debug|Any CPU
		{399E78F8-4954-409E-991A-37DA9D0579CC}.Debug|Any CPU.Build.0 = Debug|Any CPU
		{399E78F8-4954-409E-991A-37DA9D0579CC}.Release|Any CPU.ActiveCfg = Release|Any CPU
		{399E78F8-4954-409E-991A-37DA9D0579CC}.Release|Any CPU.Build.0 = Release|Any CPU
		{399E78F8-4954-409E-991A-37DA9D0579CC}.Sandcastle|Any CPU.ActiveCfg = Sandcastle|Any CPU
		{399E78F8-4954-409E-991A-37DA9D0579CC}.Sandcastle|Any CPU.Build.0 = Sandcastle|Any CPU
		{399E78F8-4954-409E-991A-37DA9D0579CC}.WebDocsDebug|Any CPU.ActiveCfg = WebDocsDebug|Any CPU
		{399E78F8-4954-409E-991A-37DA9D0579CC}.WebDocsDebug|Any CPU.Build.0 = WebDocsDebug|Any CPU
		{30773718-BC7C-4FCC-A9C2-7EE61DF4EC41}.Debug|Any CPU.ActiveCfg = Debug|Any CPU
		{30773718-BC7C-4FCC-A9C2-7EE61DF4EC41}.Debug|Any CPU.Build.0 = Debug|Any CPU
		{30773718-BC7C-4FCC-A9C2-7EE61DF4EC41}.Release|Any CPU.ActiveCfg = Release|Any CPU
		{30773718-BC7C-4FCC-A9C2-7EE61DF4EC41}.Release|Any CPU.Build.0 = Release|Any CPU
		{30773718-BC7C-4FCC-A9C2-7EE61DF4EC41}.Sandcastle|Any CPU.ActiveCfg = Sandcastle|Any CPU
		{30773718-BC7C-4FCC-A9C2-7EE61DF4EC41}.Sandcastle|Any CPU.Build.0 = Sandcastle|Any CPU
		{30773718-BC7C-4FCC-A9C2-7EE61DF4EC41}.WebDocsDebug|Any CPU.ActiveCfg = WebDocsDebug|Any CPU
		{30773718-BC7C-4FCC-A9C2-7EE61DF4EC41}.WebDocsDebug|Any CPU.Build.0 = WebDocsDebug|Any CPU
		{E64725D7-2208-4C28-922D-B6543C0BC483}.Debug|Any CPU.ActiveCfg = Debug|Any CPU
		{E64725D7-2208-4C28-922D-B6543C0BC483}.Debug|Any CPU.Build.0 = Debug|Any CPU
		{E64725D7-2208-4C28-922D-B6543C0BC483}.Release|Any CPU.ActiveCfg = Release|Any CPU
		{E64725D7-2208-4C28-922D-B6543C0BC483}.Release|Any CPU.Build.0 = Release|Any CPU
		{E64725D7-2208-4C28-922D-B6543C0BC483}.Sandcastle|Any CPU.ActiveCfg = Release|Any CPU
		{E64725D7-2208-4C28-922D-B6543C0BC483}.Sandcastle|Any CPU.Build.0 = Release|Any CPU
		{E64725D7-2208-4C28-922D-B6543C0BC483}.WebDocsDebug|Any CPU.ActiveCfg = Debug|Any CPU
		{E64725D7-2208-4C28-922D-B6543C0BC483}.WebDocsDebug|Any CPU.Build.0 = Debug|Any CPU
		{CEAEC85B-973A-4414-8668-723EB65E5088}.Debug|Any CPU.ActiveCfg = Debug|Any CPU
		{CEAEC85B-973A-4414-8668-723EB65E5088}.Debug|Any CPU.Build.0 = Debug|Any CPU
		{CEAEC85B-973A-4414-8668-723EB65E5088}.Release|Any CPU.ActiveCfg = Release|Any CPU
		{CEAEC85B-973A-4414-8668-723EB65E5088}.Release|Any CPU.Build.0 = Release|Any CPU
		{CEAEC85B-973A-4414-8668-723EB65E5088}.Sandcastle|Any CPU.ActiveCfg = Sandcastle|Any CPU
		{CEAEC85B-973A-4414-8668-723EB65E5088}.Sandcastle|Any CPU.Build.0 = Sandcastle|Any CPU
		{CEAEC85B-973A-4414-8668-723EB65E5088}.WebDocsDebug|Any CPU.ActiveCfg = WebDocsDebug|Any CPU
		{CEAEC85B-973A-4414-8668-723EB65E5088}.WebDocsDebug|Any CPU.Build.0 = WebDocsDebug|Any CPU
		{4CB332D6-976E-44F6-A320-A515A9D1D1D3}.Debug|Any CPU.ActiveCfg = Debug|Any CPU
		{4CB332D6-976E-44F6-A320-A515A9D1D1D3}.Debug|Any CPU.Build.0 = Debug|Any CPU
		{4CB332D6-976E-44F6-A320-A515A9D1D1D3}.Release|Any CPU.ActiveCfg = Release|Any CPU
		{4CB332D6-976E-44F6-A320-A515A9D1D1D3}.Release|Any CPU.Build.0 = Release|Any CPU
		{4CB332D6-976E-44F6-A320-A515A9D1D1D3}.Sandcastle|Any CPU.ActiveCfg = Sandcastle|Any CPU
		{4CB332D6-976E-44F6-A320-A515A9D1D1D3}.Sandcastle|Any CPU.Build.0 = Sandcastle|Any CPU
		{4CB332D6-976E-44F6-A320-A515A9D1D1D3}.WebDocsDebug|Any CPU.ActiveCfg = WebDocsDebug|Any CPU
		{4CB332D6-976E-44F6-A320-A515A9D1D1D3}.WebDocsDebug|Any CPU.Build.0 = WebDocsDebug|Any CPU
		{D17FA1CB-06EF-43A6-B11E-2B8E2661AA6D}.Debug|Any CPU.ActiveCfg = Debug|Any CPU
		{D17FA1CB-06EF-43A6-B11E-2B8E2661AA6D}.Debug|Any CPU.Build.0 = Debug|Any CPU
		{D17FA1CB-06EF-43A6-B11E-2B8E2661AA6D}.Release|Any CPU.ActiveCfg = Release|Any CPU
		{D17FA1CB-06EF-43A6-B11E-2B8E2661AA6D}.Release|Any CPU.Build.0 = Release|Any CPU
		{D17FA1CB-06EF-43A6-B11E-2B8E2661AA6D}.Sandcastle|Any CPU.ActiveCfg = Release|Any CPU
		{D17FA1CB-06EF-43A6-B11E-2B8E2661AA6D}.Sandcastle|Any CPU.Build.0 = Release|Any CPU
		{D17FA1CB-06EF-43A6-B11E-2B8E2661AA6D}.WebDocsDebug|Any CPU.ActiveCfg = Debug|Any CPU
		{D17FA1CB-06EF-43A6-B11E-2B8E2661AA6D}.WebDocsDebug|Any CPU.Build.0 = Debug|Any CPU
		{6CF7CA42-3706-4F6B-A2B4-10EF3F511888}.Debug|Any CPU.ActiveCfg = Debug|Any CPU
		{6CF7CA42-3706-4F6B-A2B4-10EF3F511888}.Debug|Any CPU.Build.0 = Debug|Any CPU
		{6CF7CA42-3706-4F6B-A2B4-10EF3F511888}.Release|Any CPU.ActiveCfg = Release|Any CPU
		{6CF7CA42-3706-4F6B-A2B4-10EF3F511888}.Release|Any CPU.Build.0 = Release|Any CPU
		{6CF7CA42-3706-4F6B-A2B4-10EF3F511888}.Sandcastle|Any CPU.ActiveCfg = Sandcastle|Any CPU
		{6CF7CA42-3706-4F6B-A2B4-10EF3F511888}.Sandcastle|Any CPU.Build.0 = Sandcastle|Any CPU
		{6CF7CA42-3706-4F6B-A2B4-10EF3F511888}.WebDocsDebug|Any CPU.ActiveCfg = WebDocsDebug|Any CPU
		{6CF7CA42-3706-4F6B-A2B4-10EF3F511888}.WebDocsDebug|Any CPU.Build.0 = WebDocsDebug|Any CPU
		{80407AE8-7A1F-4C28-8627-6C871E1D717A}.Debug|Any CPU.ActiveCfg = Debug|Any CPU
		{80407AE8-7A1F-4C28-8627-6C871E1D717A}.Debug|Any CPU.Build.0 = Debug|Any CPU
		{80407AE8-7A1F-4C28-8627-6C871E1D717A}.Release|Any CPU.ActiveCfg = Release|Any CPU
		{80407AE8-7A1F-4C28-8627-6C871E1D717A}.Release|Any CPU.Build.0 = Release|Any CPU
		{80407AE8-7A1F-4C28-8627-6C871E1D717A}.Sandcastle|Any CPU.ActiveCfg = Release|Any CPU
		{80407AE8-7A1F-4C28-8627-6C871E1D717A}.Sandcastle|Any CPU.Build.0 = Release|Any CPU
		{80407AE8-7A1F-4C28-8627-6C871E1D717A}.WebDocsDebug|Any CPU.ActiveCfg = Debug|Any CPU
		{80407AE8-7A1F-4C28-8627-6C871E1D717A}.WebDocsDebug|Any CPU.Build.0 = Debug|Any CPU
		{A8DCAD75-879F-4C97-803B-C9A17F227B04}.Debug|Any CPU.ActiveCfg = Debug|Any CPU
		{A8DCAD75-879F-4C97-803B-C9A17F227B04}.Debug|Any CPU.Build.0 = Debug|Any CPU
		{A8DCAD75-879F-4C97-803B-C9A17F227B04}.Release|Any CPU.ActiveCfg = Release|Any CPU
		{A8DCAD75-879F-4C97-803B-C9A17F227B04}.Release|Any CPU.Build.0 = Release|Any CPU
		{A8DCAD75-879F-4C97-803B-C9A17F227B04}.Sandcastle|Any CPU.ActiveCfg = Sandcastle|Any CPU
		{A8DCAD75-879F-4C97-803B-C9A17F227B04}.Sandcastle|Any CPU.Build.0 = Sandcastle|Any CPU
		{A8DCAD75-879F-4C97-803B-C9A17F227B04}.WebDocsDebug|Any CPU.ActiveCfg = WebDocsDebug|Any CPU
		{A8DCAD75-879F-4C97-803B-C9A17F227B04}.WebDocsDebug|Any CPU.Build.0 = WebDocsDebug|Any CPU
		{74F5EB3F-DC99-4FBE-9495-EE378FC60F65}.Debug|Any CPU.ActiveCfg = Debug|Any CPU
		{74F5EB3F-DC99-4FBE-9495-EE378FC60F65}.Debug|Any CPU.Build.0 = Debug|Any CPU
		{74F5EB3F-DC99-4FBE-9495-EE378FC60F65}.Release|Any CPU.ActiveCfg = Release|Any CPU
		{74F5EB3F-DC99-4FBE-9495-EE378FC60F65}.Release|Any CPU.Build.0 = Release|Any CPU
		{74F5EB3F-DC99-4FBE-9495-EE378FC60F65}.Sandcastle|Any CPU.ActiveCfg = Sandcastle|Any CPU
		{74F5EB3F-DC99-4FBE-9495-EE378FC60F65}.Sandcastle|Any CPU.Build.0 = Sandcastle|Any CPU
		{74F5EB3F-DC99-4FBE-9495-EE378FC60F65}.WebDocsDebug|Any CPU.ActiveCfg = WebDocsDebug|Any CPU
		{74F5EB3F-DC99-4FBE-9495-EE378FC60F65}.WebDocsDebug|Any CPU.Build.0 = WebDocsDebug|Any CPU
		{1CEE1BB8-10BF-483E-A54A-F97B308ABA0A}.Debug|Any CPU.ActiveCfg = Debug|Any CPU
		{1CEE1BB8-10BF-483E-A54A-F97B308ABA0A}.Debug|Any CPU.Build.0 = Debug|Any CPU
		{1CEE1BB8-10BF-483E-A54A-F97B308ABA0A}.Release|Any CPU.ActiveCfg = Release|Any CPU
		{1CEE1BB8-10BF-483E-A54A-F97B308ABA0A}.Release|Any CPU.Build.0 = Release|Any CPU
		{1CEE1BB8-10BF-483E-A54A-F97B308ABA0A}.Sandcastle|Any CPU.ActiveCfg = Release|Any CPU
		{1CEE1BB8-10BF-483E-A54A-F97B308ABA0A}.Sandcastle|Any CPU.Build.0 = Release|Any CPU
		{1CEE1BB8-10BF-483E-A54A-F97B308ABA0A}.WebDocsDebug|Any CPU.ActiveCfg = Debug|Any CPU
		{1CEE1BB8-10BF-483E-A54A-F97B308ABA0A}.WebDocsDebug|Any CPU.Build.0 = Debug|Any CPU
		{88A4B9E2-AE05-4817-879C-15461DA29761}.Debug|Any CPU.ActiveCfg = Debug|Any CPU
		{88A4B9E2-AE05-4817-879C-15461DA29761}.Debug|Any CPU.Build.0 = Debug|Any CPU
		{88A4B9E2-AE05-4817-879C-15461DA29761}.Release|Any CPU.ActiveCfg = Release|Any CPU
		{88A4B9E2-AE05-4817-879C-15461DA29761}.Release|Any CPU.Build.0 = Release|Any CPU
		{88A4B9E2-AE05-4817-879C-15461DA29761}.Sandcastle|Any CPU.ActiveCfg = Sandcastle|Any CPU
		{88A4B9E2-AE05-4817-879C-15461DA29761}.Sandcastle|Any CPU.Build.0 = Sandcastle|Any CPU
		{88A4B9E2-AE05-4817-879C-15461DA29761}.WebDocsDebug|Any CPU.ActiveCfg = WebDocsDebug|Any CPU
		{88A4B9E2-AE05-4817-879C-15461DA29761}.WebDocsDebug|Any CPU.Build.0 = WebDocsDebug|Any CPU
	EndGlobalSection
	GlobalSection(SolutionProperties) = preSolution
		HideSolutionNode = FALSE
	EndGlobalSection
	GlobalSection(NestedProjects) = preSolution
		{399E78F8-4954-409E-991A-37DA9D0579CC} = {9E55F052-6831-473C-82D8-0BA2CDAAEF2C}
		{30773718-BC7C-4FCC-A9C2-7EE61DF4EC41} = {9E55F052-6831-473C-82D8-0BA2CDAAEF2C}
		{E64725D7-2208-4C28-922D-B6543C0BC483} = {9E55F052-6831-473C-82D8-0BA2CDAAEF2C}
		{CEAEC85B-973A-4414-8668-723EB65E5088} = {9E55F052-6831-473C-82D8-0BA2CDAAEF2C}
		{5BA19924-5A65-46E0-97CD-948595932584} = {9E55F052-6831-473C-82D8-0BA2CDAAEF2C}
	EndGlobalSection
EndGlobal
