
Microsoft Visual Studio Solution File, Format Version 10.00
# Visual Studio 2008
Project("{FAE04EC0-301F-11D3-BF4B-00C04F79EFBC}") = "RelyingPartyPortal", "RelyingPartyPortal\RelyingPartyPortal.csproj", "{51BCD5E9-E17A-4FB2-BAC8-C156DD7A1CA4}"
EndProject
Project("{FAE04EC0-301F-11D3-BF4B-00C04F79EFBC}") = "ProviderPortal", "ProviderPortal\ProviderPortal.csproj", "{2A59DE0A-B76A-4B42-9A33-04D34548353D}"
EndProject
Project("{FAE04EC0-301F-11D3-BF4B-00C04F79EFBC}") = "RelyingPartyMvc", "RelyingPartyMvc\RelyingPartyMvc.csproj", "{07B193F1-68AD-4E9C-98AF-BEFB5E9403CB}"
EndProject
Global
	GlobalSection(SolutionConfigurationPlatforms) = preSolution
		Debug|Any CPU = Debug|Any CPU
		Release|Any CPU = Release|Any CPU
	EndGlobalSection
	GlobalSection(ProjectConfigurationPlatforms) = postSolution
		{51BCD5E9-E17A-4FB2-BAC8-C156DD7A1CA4}.Debug|Any CPU.ActiveCfg = Debug|Any CPU
		{51BCD5E9-E17A-4FB2-BAC8-C156DD7A1CA4}.Debug|Any CPU.Build.0 = Debug|Any CPU
		{51BCD5E9-E17A-4FB2-BAC8-C156DD7A1CA4}.Release|Any CPU.ActiveCfg = Release|Any CPU
		{51BCD5E9-E17A-4FB2-BAC8-C156DD7A1CA4}.Release|Any CPU.Build.0 = Release|Any CPU
		{2A59DE0A-B76A-4B42-9A33-04D34548353D}.Debug|Any CPU.ActiveCfg = Debug|Any CPU
		{2A59DE0A-B76A-4B42-9A33-04D34548353D}.Debug|Any CPU.Build.0 = Debug|Any CPU
		{2A59DE0A-B76A-4B42-9A33-04D34548353D}.Release|Any CPU.ActiveCfg = Release|Any CPU
		{2A59DE0A-B76A-4B42-9A33-04D34548353D}.Release|Any CPU.Build.0 = Release|Any CPU
		{07B193F1-68AD-4E9C-98AF-BEFB5E9403CB}.Debug|Any CPU.ActiveCfg = Debug|Any CPU
		{07B193F1-68AD-4E9C-98AF-BEFB5E9403CB}.Debug|Any CPU.Build.0 = Debug|Any CPU
		{07B193F1-68AD-4E9C-98AF-BEFB5E9403CB}.Release|Any CPU.ActiveCfg = Release|Any CPU
		{07B193F1-68AD-4E9C-98AF-BEFB5E9403CB}.Release|Any CPU.Build.0 = Release|Any CPU
	EndGlobalSection
	GlobalSection(SolutionProperties) = preSolution
		HideSolutionNode = FALSE
	EndGlobalSection
EndGlobal
