
Microsoft Visual Studio Solution File, Format Version 10.00
# Visual Studio 2008
Project("{E24C65DC-7377-472B-9ABA-BC803B73C61A}") = "JanRain.OpenID.ServerPortal", "JanRain.OpenID.ServerPortal", "{24D1C874-DB4C-4001-82C6-1294DFAAFC73}"
	ProjectSection(WebsiteProperties) = preProject
		TargetFramework = "2.0"
		Debug.AspNetCompiler.VirtualPath = "/JanRain.OpenID.ServerPortal"
		Debug.AspNetCompiler.PhysicalPath = "J:\wc\dotnetopenid\trunk\samples\JanRain.OpenID.ServerPortal\"
		Debug.AspNetCompiler.TargetPath = "PrecompiledWeb\JanRain.OpenID.ServerPortal\"
		Debug.AspNetCompiler.Updateable = "true"
		Debug.AspNetCompiler.ForceOverwrite = "true"
		Debug.AspNetCompiler.FixedNames = "false"
		Debug.AspNetCompiler.Debug = "True"
		Release.AspNetCompiler.VirtualPath = "/JanRain.OpenID.ServerPortal"
		Release.AspNetCompiler.PhysicalPath = "J:\wc\dotnetopenid\trunk\samples\JanRain.OpenID.ServerPortal\"
		Release.AspNetCompiler.TargetPath = "PrecompiledWeb\JanRain.OpenID.ServerPortal\"
		Release.AspNetCompiler.Updateable = "true"
		Release.AspNetCompiler.ForceOverwrite = "true"
		Release.AspNetCompiler.FixedNames = "false"
		Release.AspNetCompiler.Debug = "False"
		VWDPort = "35228"
	EndProjectSection
EndProject
Project("{E24C65DC-7377-472B-9ABA-BC803B73C61A}") = "JanRain.OpenID.ConsumerPortal", "JanRain.OpenID.ConsumerPortal", "{ED61866A-D424-4516-9A4A-3A6D168323AB}"
	ProjectSection(WebsiteProperties) = preProject
		TargetFramework = "2.0"
		Debug.AspNetCompiler.VirtualPath = "/JanRain.OpenID.ConsumerPortal"
		Debug.AspNetCompiler.PhysicalPath = "JanRain.OpenID.ConsumerPortal\"
		Debug.AspNetCompiler.TargetPath = "PrecompiledWeb\JanRain.OpenID.ConsumerPortal\"
		Debug.AspNetCompiler.Updateable = "true"
		Debug.AspNetCompiler.ForceOverwrite = "true"
		Debug.AspNetCompiler.FixedNames = "false"
		Debug.AspNetCompiler.Debug = "True"
		Release.AspNetCompiler.VirtualPath = "/JanRain.OpenID.ConsumerPortal"
		Release.AspNetCompiler.PhysicalPath = "JanRain.OpenID.ConsumerPortal\"
		Release.AspNetCompiler.TargetPath = "PrecompiledWeb\JanRain.OpenID.ConsumerPortal\"
		Release.AspNetCompiler.Updateable = "true"
		Release.AspNetCompiler.ForceOverwrite = "true"
		Release.AspNetCompiler.FixedNames = "false"
		Release.AspNetCompiler.Debug = "False"
		VWDPort = "35227"
	EndProjectSection
EndProject
Global
	GlobalSection(SolutionConfigurationPlatforms) = preSolution
		Debug|.NET = Debug|.NET
	EndGlobalSection
	GlobalSection(ProjectConfigurationPlatforms) = postSolution
		{24D1C874-DB4C-4001-82C6-1294DFAAFC73}.Debug|.NET.ActiveCfg = Debug|.NET
		{24D1C874-DB4C-4001-82C6-1294DFAAFC73}.Debug|.NET.Build.0 = Debug|.NET
		{ED61866A-D424-4516-9A4A-3A6D168323AB}.Debug|.NET.ActiveCfg = Debug|.NET
		{ED61866A-D424-4516-9A4A-3A6D168323AB}.Debug|.NET.Build.0 = Debug|.NET
	EndGlobalSection
	GlobalSection(SolutionProperties) = preSolution
		HideSolutionNode = FALSE
	EndGlobalSection
EndGlobal
