
Microsoft Visual Studio Solution File, Format Version 10.00
# Visual Studio 2008
Project("{FAE04EC0-301F-11D3-BF4B-00C04F79EFBC}") = "DotNetOpenAuth.ApplicationBlock", "DotNetOpenAuth.ApplicationBlock\DotNetOpenAuth.ApplicationBlock.csproj", "{AA78D112-D889-414B-A7D4-467B34C7B663}"
EndProject
Project("{FAE04EC0-301F-11D3-BF4B-00C04F79EFBC}") = "OpenIdProviderWebForms", "OpenIdProviderWebForms\OpenIdProviderWebForms.csproj", "{2A59DE0A-B76A-4B42-9A33-04D34548353D}"
EndProject
Project("{FAE04EC0-301F-11D3-BF4B-00C04F79EFBC}") = "OpenIdProviderMvc", "OpenIdProviderMvc\OpenIdProviderMvc.csproj", "{AEA29D4D-396F-47F6-BC81-B58D4B855245}"
EndProject
Project("{2150E333-8FDC-42A3-9474-1A3956D46DE8}") = "OpenID", "OpenID", "{A4059F7E-8E6F-4FA2-A1D5-1B9B46C93F82}"
EndProject
Project("{2150E333-8FDC-42A3-9474-1A3956D46DE8}") = "OAuth", "OAuth", "{812D828E-C91A-45AB-BAE9-3FC6D9560F9F}"
EndProject
Project("{2150E333-8FDC-42A3-9474-1A3956D46DE8}") = "InfoCard", "InfoCard", "{9145144C-1192-41C9-9A6D-D8F6BFE350F2}"
EndProject
Project("{E24C65DC-7377-472B-9ABA-BC803B73C61A}") = "InfoCardRelyingParty", "InfoCardRelyingParty", "{BE7016A8-D1B9-471A-AA53-A3D0CB800D35}"
	ProjectSection(WebsiteProperties) = preProject
		TargetFramework = "3.5"
		Debug.AspNetCompiler.VirtualPath = "/InfoCardRelyingParty"
		Debug.AspNetCompiler.PhysicalPath = "InfoCardRelyingParty\"
		Debug.AspNetCompiler.TargetPath = "PrecompiledWeb\InfoCardRelyingParty\"
		Debug.AspNetCompiler.Updateable = "true"
		Debug.AspNetCompiler.ForceOverwrite = "true"
		Debug.AspNetCompiler.FixedNames = "false"
		Debug.AspNetCompiler.Debug = "True"
		Release.AspNetCompiler.VirtualPath = "/InfoCardRelyingParty"
		Release.AspNetCompiler.PhysicalPath = "InfoCardRelyingParty\"
		Release.AspNetCompiler.TargetPath = "PrecompiledWeb\InfoCardRelyingParty\"
		Release.AspNetCompiler.Updateable = "true"
		Release.AspNetCompiler.ForceOverwrite = "true"
		Release.AspNetCompiler.FixedNames = "false"
		Release.AspNetCompiler.Debug = "False"
		VWDPort = "4490"
	EndProjectSection
EndProject
Project("{E24C65DC-7377-472B-9ABA-BC803B73C61A}") = "OAuthConsumer", "OAuthConsumer", "{5100F73C-3082-4B81-95DD-F443F90B8EA7}"
	ProjectSection(WebsiteProperties) = preProject
		TargetFramework = "3.5"
		Debug.AspNetCompiler.VirtualPath = "/OAuthConsumer"
		Debug.AspNetCompiler.PhysicalPath = "OAuthConsumer\"
		Debug.AspNetCompiler.TargetPath = "PrecompiledWeb\OAuthConsumer\"
		Debug.AspNetCompiler.Updateable = "true"
		Debug.AspNetCompiler.ForceOverwrite = "true"
		Debug.AspNetCompiler.FixedNames = "false"
		Debug.AspNetCompiler.Debug = "True"
		Release.AspNetCompiler.VirtualPath = "/OAuthConsumer"
		Release.AspNetCompiler.PhysicalPath = "OAuthConsumer\"
		Release.AspNetCompiler.TargetPath = "PrecompiledWeb\OAuthConsumer\"
		Release.AspNetCompiler.Updateable = "true"
		Release.AspNetCompiler.ForceOverwrite = "true"
		Release.AspNetCompiler.FixedNames = "false"
		Release.AspNetCompiler.Debug = "False"
		VWDPort = "10335"
	EndProjectSection
EndProject
Project("{E24C65DC-7377-472B-9ABA-BC803B73C61A}") = "OAuthServiceProvider", "OAuthServiceProvider", "{DD52C0C8-F986-495A-AAA1-090CFE2F801F}"
	ProjectSection(WebsiteProperties) = preProject
		TargetFramework = "3.5"
		Debug.AspNetCompiler.VirtualPath = "/OAuthServiceProvider"
		Debug.AspNetCompiler.PhysicalPath = "OAuthServiceProvider\"
		Debug.AspNetCompiler.TargetPath = "PrecompiledWeb\OAuthServiceProvider\"
		Debug.AspNetCompiler.Updateable = "true"
		Debug.AspNetCompiler.ForceOverwrite = "true"
		Debug.AspNetCompiler.FixedNames = "false"
		Debug.AspNetCompiler.Debug = "True"
		Release.AspNetCompiler.VirtualPath = "/OAuthServiceProvider"
		Release.AspNetCompiler.PhysicalPath = "OAuthServiceProvider\"
		Release.AspNetCompiler.TargetPath = "PrecompiledWeb\OAuthServiceProvider\"
		Release.AspNetCompiler.Updateable = "true"
		Release.AspNetCompiler.ForceOverwrite = "true"
		Release.AspNetCompiler.FixedNames = "false"
		Release.AspNetCompiler.Debug = "False"
		VWDPort = "65169"
		VWDDynamicPort = "false"
	EndProjectSection
EndProject
Project("{FAE04EC0-301F-11D3-BF4B-00C04F79EFBC}") = "OAuthConsumerWpf", "OAuthConsumerWpf\OAuthConsumerWpf.csproj", "{6EC36418-DBC5-4AD1-A402-413604AA7A08}"
EndProject
Project("{FAE04EC0-301F-11D3-BF4B-00C04F79EFBC}") = "OpenIdRelyingPartyMvc", "OpenIdRelyingPartyMvc\OpenIdRelyingPartyMvc.csproj", "{07B193F1-68AD-4E9C-98AF-BEFB5E9403CB}"
EndProject
Project("{FAE04EC0-301F-11D3-BF4B-00C04F79EFBC}") = "OpenIdRelyingPartyWebForms", "OpenIdRelyingPartyWebForms\OpenIdRelyingPartyWebForms.csproj", "{1E8AEA89-BF69-47A1-B290-E8B0FE588700}"
EndProject
Project("{E24C65DC-7377-472B-9ABA-BC803B73C61A}") = "OpenIdRelyingPartyClassicAsp", "OpenIdRelyingPartyClassicAsp", "{9F9A83C3-55FC-42F1-A6B6-15A52BD01FC0}"
	ProjectSection(WebsiteProperties) = preProject
		TargetFramework = "2.0"
		Debug.AspNetCompiler.VirtualPath = "/OpenIdRelyingPartyClassicAsp"
		Debug.AspNetCompiler.PhysicalPath = "OpenIdRelyingPartyClassicAsp\"
		Debug.AspNetCompiler.TargetPath = "PrecompiledWeb\OpenIdRelyingPartyClassicAsp\"
		Debug.AspNetCompiler.Updateable = "true"
		Debug.AspNetCompiler.ForceOverwrite = "true"
		Debug.AspNetCompiler.FixedNames = "false"
		Debug.AspNetCompiler.Debug = "True"
		Release.AspNetCompiler.VirtualPath = "/OpenIdRelyingPartyClassicAsp"
		Release.AspNetCompiler.PhysicalPath = "OpenIdRelyingPartyClassicAsp\"
		Release.AspNetCompiler.TargetPath = "PrecompiledWeb\OpenIdRelyingPartyClassicAsp\"
		Release.AspNetCompiler.Updateable = "true"
		Release.AspNetCompiler.ForceOverwrite = "true"
		Release.AspNetCompiler.FixedNames = "false"
		Release.AspNetCompiler.Debug = "False"
		VWDPort = "10318"
	EndProjectSection
EndProject
Global
	GlobalSection(SolutionConfigurationPlatforms) = preSolution
		CodeAnalysis|Any CPU = CodeAnalysis|Any CPU
		Debug|Any CPU = Debug|Any CPU
		Release|Any CPU = Release|Any CPU
	EndGlobalSection
	GlobalSection(ProjectConfigurationPlatforms) = postSolution
		{AA78D112-D889-414B-A7D4-467B34C7B663}.CodeAnalysis|Any CPU.ActiveCfg = CodeAnalysis|Any CPU
		{AA78D112-D889-414B-A7D4-467B34C7B663}.CodeAnalysis|Any CPU.Build.0 = CodeAnalysis|Any CPU
		{AA78D112-D889-414B-A7D4-467B34C7B663}.Debug|Any CPU.ActiveCfg = Debug|Any CPU
		{AA78D112-D889-414B-A7D4-467B34C7B663}.Debug|Any CPU.Build.0 = Debug|Any CPU
		{AA78D112-D889-414B-A7D4-467B34C7B663}.Release|Any CPU.ActiveCfg = Release|Any CPU
		{AA78D112-D889-414B-A7D4-467B34C7B663}.Release|Any CPU.Build.0 = Release|Any CPU
		{2A59DE0A-B76A-4B42-9A33-04D34548353D}.CodeAnalysis|Any CPU.ActiveCfg = CodeAnalysis|Any CPU
		{2A59DE0A-B76A-4B42-9A33-04D34548353D}.CodeAnalysis|Any CPU.Build.0 = CodeAnalysis|Any CPU
		{2A59DE0A-B76A-4B42-9A33-04D34548353D}.Debug|Any CPU.ActiveCfg = Debug|Any CPU
		{2A59DE0A-B76A-4B42-9A33-04D34548353D}.Debug|Any CPU.Build.0 = Debug|Any CPU
		{2A59DE0A-B76A-4B42-9A33-04D34548353D}.Release|Any CPU.ActiveCfg = Release|Any CPU
		{2A59DE0A-B76A-4B42-9A33-04D34548353D}.Release|Any CPU.Build.0 = Release|Any CPU
		{AEA29D4D-396F-47F6-BC81-B58D4B855245}.CodeAnalysis|Any CPU.ActiveCfg = Release|Any CPU
		{AEA29D4D-396F-47F6-BC81-B58D4B855245}.CodeAnalysis|Any CPU.Build.0 = Release|Any CPU
		{AEA29D4D-396F-47F6-BC81-B58D4B855245}.Debug|Any CPU.ActiveCfg = Debug|Any CPU
		{AEA29D4D-396F-47F6-BC81-B58D4B855245}.Debug|Any CPU.Build.0 = Debug|Any CPU
		{AEA29D4D-396F-47F6-BC81-B58D4B855245}.Release|Any CPU.ActiveCfg = Release|Any CPU
		{AEA29D4D-396F-47F6-BC81-B58D4B855245}.Release|Any CPU.Build.0 = Release|Any CPU
		{BE7016A8-D1B9-471A-AA53-A3D0CB800D35}.CodeAnalysis|Any CPU.ActiveCfg = Debug|Any CPU
		{BE7016A8-D1B9-471A-AA53-A3D0CB800D35}.CodeAnalysis|Any CPU.Build.0 = Debug|Any CPU
		{BE7016A8-D1B9-471A-AA53-A3D0CB800D35}.Debug|Any CPU.ActiveCfg = Debug|Any CPU
		{BE7016A8-D1B9-471A-AA53-A3D0CB800D35}.Debug|Any CPU.Build.0 = Debug|Any CPU
		{BE7016A8-D1B9-471A-AA53-A3D0CB800D35}.Release|Any CPU.ActiveCfg = Debug|Any CPU
		{BE7016A8-D1B9-471A-AA53-A3D0CB800D35}.Release|Any CPU.Build.0 = Debug|Any CPU
		{5100F73C-3082-4B81-95DD-F443F90B8EA7}.CodeAnalysis|Any CPU.ActiveCfg = Debug|Any CPU
		{5100F73C-3082-4B81-95DD-F443F90B8EA7}.CodeAnalysis|Any CPU.Build.0 = Debug|Any CPU
		{5100F73C-3082-4B81-95DD-F443F90B8EA7}.Debug|Any CPU.ActiveCfg = Debug|Any CPU
		{5100F73C-3082-4B81-95DD-F443F90B8EA7}.Debug|Any CPU.Build.0 = Debug|Any CPU
		{5100F73C-3082-4B81-95DD-F443F90B8EA7}.Release|Any CPU.ActiveCfg = Debug|Any CPU
		{5100F73C-3082-4B81-95DD-F443F90B8EA7}.Release|Any CPU.Build.0 = Debug|Any CPU
		{DD52C0C8-F986-495A-AAA1-090CFE2F801F}.CodeAnalysis|Any CPU.ActiveCfg = Debug|Any CPU
		{DD52C0C8-F986-495A-AAA1-090CFE2F801F}.CodeAnalysis|Any CPU.Build.0 = Debug|Any CPU
		{DD52C0C8-F986-495A-AAA1-090CFE2F801F}.Debug|Any CPU.ActiveCfg = Debug|Any CPU
		{DD52C0C8-F986-495A-AAA1-090CFE2F801F}.Debug|Any CPU.Build.0 = Debug|Any CPU
		{DD52C0C8-F986-495A-AAA1-090CFE2F801F}.Release|Any CPU.ActiveCfg = Debug|Any CPU
		{DD52C0C8-F986-495A-AAA1-090CFE2F801F}.Release|Any CPU.Build.0 = Debug|Any CPU
		{6EC36418-DBC5-4AD1-A402-413604AA7A08}.CodeAnalysis|Any CPU.ActiveCfg = CodeAnalysis|Any CPU
		{6EC36418-DBC5-4AD1-A402-413604AA7A08}.CodeAnalysis|Any CPU.Build.0 = CodeAnalysis|Any CPU
		{6EC36418-DBC5-4AD1-A402-413604AA7A08}.Debug|Any CPU.ActiveCfg = Debug|Any CPU
		{6EC36418-DBC5-4AD1-A402-413604AA7A08}.Debug|Any CPU.Build.0 = Debug|Any CPU
		{6EC36418-DBC5-4AD1-A402-413604AA7A08}.Release|Any CPU.ActiveCfg = Release|Any CPU
		{6EC36418-DBC5-4AD1-A402-413604AA7A08}.Release|Any CPU.Build.0 = Release|Any CPU
		{07B193F1-68AD-4E9C-98AF-BEFB5E9403CB}.CodeAnalysis|Any CPU.ActiveCfg = Release|Any CPU
		{07B193F1-68AD-4E9C-98AF-BEFB5E9403CB}.CodeAnalysis|Any CPU.Build.0 = Release|Any CPU
		{07B193F1-68AD-4E9C-98AF-BEFB5E9403CB}.Debug|Any CPU.ActiveCfg = Debug|Any CPU
		{07B193F1-68AD-4E9C-98AF-BEFB5E9403CB}.Debug|Any CPU.Build.0 = Debug|Any CPU
		{07B193F1-68AD-4E9C-98AF-BEFB5E9403CB}.Release|Any CPU.ActiveCfg = Release|Any CPU
		{07B193F1-68AD-4E9C-98AF-BEFB5E9403CB}.Release|Any CPU.Build.0 = Release|Any CPU
		{1E8AEA89-BF69-47A1-B290-E8B0FE588700}.CodeAnalysis|Any CPU.ActiveCfg = CodeAnalysis|Any CPU
		{1E8AEA89-BF69-47A1-B290-E8B0FE588700}.CodeAnalysis|Any CPU.Build.0 = CodeAnalysis|Any CPU
		{1E8AEA89-BF69-47A1-B290-E8B0FE588700}.Debug|Any CPU.ActiveCfg = Debug|Any CPU
		{1E8AEA89-BF69-47A1-B290-E8B0FE588700}.Debug|Any CPU.Build.0 = Debug|Any CPU
		{1E8AEA89-BF69-47A1-B290-E8B0FE588700}.Release|Any CPU.ActiveCfg = Release|Any CPU
		{1E8AEA89-BF69-47A1-B290-E8B0FE588700}.Release|Any CPU.Build.0 = Release|Any CPU
		{9F9A83C3-55FC-42F1-A6B6-15A52BD01FC0}.CodeAnalysis|Any CPU.ActiveCfg = Debug|Any CPU
		{9F9A83C3-55FC-42F1-A6B6-15A52BD01FC0}.CodeAnalysis|Any CPU.Build.0 = Debug|Any CPU
		{9F9A83C3-55FC-42F1-A6B6-15A52BD01FC0}.Debug|Any CPU.ActiveCfg = Debug|Any CPU
		{9F9A83C3-55FC-42F1-A6B6-15A52BD01FC0}.Debug|Any CPU.Build.0 = Debug|Any CPU
		{9F9A83C3-55FC-42F1-A6B6-15A52BD01FC0}.Release|Any CPU.ActiveCfg = Debug|Any CPU
		{9F9A83C3-55FC-42F1-A6B6-15A52BD01FC0}.Release|Any CPU.Build.0 = Debug|Any CPU
	EndGlobalSection
	GlobalSection(SolutionProperties) = preSolution
		HideSolutionNode = FALSE
	EndGlobalSection
	GlobalSection(NestedProjects) = preSolution
		{AEA29D4D-396F-47F6-BC81-B58D4B855245} = {A4059F7E-8E6F-4FA2-A1D5-1B9B46C93F82}
		{2A59DE0A-B76A-4B42-9A33-04D34548353D} = {A4059F7E-8E6F-4FA2-A1D5-1B9B46C93F82}
		{07B193F1-68AD-4E9C-98AF-BEFB5E9403CB} = {A4059F7E-8E6F-4FA2-A1D5-1B9B46C93F82}
		{1E8AEA89-BF69-47A1-B290-E8B0FE588700} = {A4059F7E-8E6F-4FA2-A1D5-1B9B46C93F82}
		{9F9A83C3-55FC-42F1-A6B6-15A52BD01FC0} = {A4059F7E-8E6F-4FA2-A1D5-1B9B46C93F82}
		{5100F73C-3082-4B81-95DD-F443F90B8EA7} = {812D828E-C91A-45AB-BAE9-3FC6D9560F9F}
		{DD52C0C8-F986-495A-AAA1-090CFE2F801F} = {812D828E-C91A-45AB-BAE9-3FC6D9560F9F}
		{6EC36418-DBC5-4AD1-A402-413604AA7A08} = {812D828E-C91A-45AB-BAE9-3FC6D9560F9F}
		{BE7016A8-D1B9-471A-AA53-A3D0CB800D35} = {9145144C-1192-41C9-9A6D-D8F6BFE350F2}
	EndGlobalSection
EndGlobal
