
Microsoft Visual Studio Solution File, Format Version 12.00
# Visual Studio 2012
Project("{2150E333-8FDC-42A3-9474-1A3956D46DE8}") = "Solution Items", "Solution Items", "{ABBE14A3-0404-4123-9093-E598C3DD3E9B}"
	ProjectSection(SolutionItems) = preProject
		..\..\build.proj = ..\..\build.proj
		..\..\doc\doc.proj = ..\..\doc\doc.proj
		..\..\tools\DotNetOpenAuth.automated.props = ..\..\tools\DotNetOpenAuth.automated.props
		..\..\tools\DotNetOpenAuth.automated.targets = ..\..\tools\DotNetOpenAuth.automated.targets
		..\..\lib\DotNetOpenAuth.BuildTasks.targets = ..\..\lib\DotNetOpenAuth.BuildTasks.targets
		..\..\tools\DotNetOpenAuth.Common.Settings.targets = ..\..\tools\DotNetOpenAuth.Common.Settings.targets
		..\..\nuget\DotNetOpenAuth.nuspec = ..\..\nuget\DotNetOpenAuth.nuspec
		..\DotNetOpenAuth\DotNetOpenAuth.proj = ..\DotNetOpenAuth\DotNetOpenAuth.proj
		..\..\tools\DotNetOpenAuth.props = ..\..\tools\DotNetOpenAuth.props
		..\..\tools\DotNetOpenAuth.targets = ..\..\tools\DotNetOpenAuth.targets
		..\..\tools\DotNetOpenAuth.Versioning.targets = ..\..\tools\DotNetOpenAuth.Versioning.targets
		..\..\tools\drop.proj = ..\..\tools\drop.proj
		..\..\EnlistmentInfo.props = ..\..\EnlistmentInfo.props
		..\..\EnlistmentInfo.targets = ..\..\EnlistmentInfo.targets
		..\..\tools\ohloh.proj = ..\..\tools\ohloh.proj
		..\..\projecttemplates\projecttemplates.proj = ..\..\projecttemplates\projecttemplates.proj
		..\..\samples\Samples.proj = ..\..\samples\Samples.proj
		..\..\samples\tools.proj = ..\..\samples\tools.proj
		..\..\vsi\vsi.proj = ..\..\vsi\vsi.proj
		..\..\vsix\vsix.proj = ..\..\vsix\vsix.proj
	EndProjectSection
EndProject
Project("{FAE04EC0-301F-11D3-BF4B-00C04F79EFBC}") = "DotNetOpenAuth.BuildTasks", "DotNetOpenAuth.BuildTasks.csproj", "{AC231A51-EF60-437C-A33F-AF8ADEB8EB74}"
EndProject
Project("{2150E333-8FDC-42A3-9474-1A3956D46DE8}") = "NuGet", "NuGet", "{D49E2011-0E1C-4AB5-9887-BD1D42266503}"
	ProjectSection(SolutionItems) = preProject
		..\..\nuget\DotNetOpenAuth.AspNet.nuspec = ..\..\nuget\DotNetOpenAuth.AspNet.nuspec
		..\..\nuget\DotNetOpenAuth.Core.nuspec = ..\..\nuget\DotNetOpenAuth.Core.nuspec
		..\..\nuget\DotNetOpenAuth.Core.UI.nuspec = ..\..\nuget\DotNetOpenAuth.Core.UI.nuspec
		..\..\nuget\DotNetOpenAuth.InfoCard.nuspec = ..\..\nuget\DotNetOpenAuth.InfoCard.nuspec
		..\..\nuget\DotNetOpenAuth.InfoCard.UI.nuspec = ..\..\nuget\DotNetOpenAuth.InfoCard.UI.nuspec
		..\..\nuget\DotNetOpenAuth.nuspec = ..\..\nuget\DotNetOpenAuth.nuspec
		..\..\nuget\DotNetOpenAuth.OAuth.Common.nuspec = ..\..\nuget\DotNetOpenAuth.OAuth.Common.nuspec
		..\..\nuget\DotNetOpenAuth.OAuth.Consumer.nuspec = ..\..\nuget\DotNetOpenAuth.OAuth.Consumer.nuspec
		..\..\nuget\DotNetOpenAuth.OAuth.Core.nuspec = ..\..\nuget\DotNetOpenAuth.OAuth.Core.nuspec
		..\..\nuget\DotNetOpenAuth.OAuth.ServiceProvider.nuspec = ..\..\nuget\DotNetOpenAuth.OAuth.ServiceProvider.nuspec
		..\..\nuget\DotNetOpenAuth.OAuth2.AuthorizationServer.nuspec = ..\..\nuget\DotNetOpenAuth.OAuth2.AuthorizationServer.nuspec
		..\..\nuget\DotNetOpenAuth.OAuth2.Client.nuspec = ..\..\nuget\DotNetOpenAuth.OAuth2.Client.nuspec
		..\..\nuget\DotNetOpenAuth.OAuth2.Client.UI.nuspec = ..\..\nuget\DotNetOpenAuth.OAuth2.Client.UI.nuspec
		..\..\nuget\DotNetOpenAuth.OAuth2.ClientAuthorization.nuspec = ..\..\nuget\DotNetOpenAuth.OAuth2.ClientAuthorization.nuspec
		..\..\nuget\DotNetOpenAuth.OAuth2.Core.nuspec = ..\..\nuget\DotNetOpenAuth.OAuth2.Core.nuspec
		..\..\nuget\DotNetOpenAuth.OAuth2.ResourceServer.nuspec = ..\..\nuget\DotNetOpenAuth.OAuth2.ResourceServer.nuspec
		..\..\nuget\DotNetOpenAuth.OpenId.Core.nuspec = ..\..\nuget\DotNetOpenAuth.OpenId.Core.nuspec
		..\..\nuget\DotNetOpenAuth.OpenId.Core.UI.nuspec = ..\..\nuget\DotNetOpenAuth.OpenId.Core.UI.nuspec
		..\..\nuget\DotNetOpenAuth.OpenId.Provider.nuspec = ..\..\nuget\DotNetOpenAuth.OpenId.Provider.nuspec
		..\..\nuget\DotNetOpenAuth.OpenId.Provider.UI.nuspec = ..\..\nuget\DotNetOpenAuth.OpenId.Provider.UI.nuspec
		..\..\nuget\DotNetOpenAuth.OpenId.RelyingParty.nuspec = ..\..\nuget\DotNetOpenAuth.OpenId.RelyingParty.nuspec
		..\..\nuget\DotNetOpenAuth.OpenId.RelyingParty.UI.nuspec = ..\..\nuget\DotNetOpenAuth.OpenId.RelyingParty.UI.nuspec
		..\..\nuget\DotNetOpenAuth.OpenIdInfoCard.UI.nuspec = ..\..\nuget\DotNetOpenAuth.OpenIdInfoCard.UI.nuspec
		..\..\nuget\DotNetOpenAuth.OpenIdOAuth.nuspec = ..\..\nuget\DotNetOpenAuth.OpenIdOAuth.nuspec
		..\..\nuget\DotNetOpenAuth.Ultimate.nuspec = ..\..\nuget\DotNetOpenAuth.Ultimate.nuspec
		..\..\nuget\nuget.proj = ..\..\nuget\nuget.proj
	EndProjectSection
EndProject
Project("{2150E333-8FDC-42A3-9474-1A3956D46DE8}") = "content", "content", "{BF3868D6-3BBA-4E40-B180-213370C15494}"
EndProject
Global
	GlobalSection(SolutionConfigurationPlatforms) = preSolution
		Debug|Any CPU = Debug|Any CPU
		Release|Any CPU = Release|Any CPU
	EndGlobalSection
	GlobalSection(ProjectConfigurationPlatforms) = postSolution
		{AC231A51-EF60-437C-A33F-AF8ADEB8EB74}.Debug|Any CPU.ActiveCfg = Debug|Any CPU
		{AC231A51-EF60-437C-A33F-AF8ADEB8EB74}.Debug|Any CPU.Build.0 = Debug|Any CPU
		{AC231A51-EF60-437C-A33F-AF8ADEB8EB74}.Release|Any CPU.ActiveCfg = Release|Any CPU
		{AC231A51-EF60-437C-A33F-AF8ADEB8EB74}.Release|Any CPU.Build.0 = Release|Any CPU
	EndGlobalSection
	GlobalSection(SolutionProperties) = preSolution
		HideSolutionNode = FALSE
	EndGlobalSection
	GlobalSection(NestedProjects) = preSolution
		{D49E2011-0E1C-4AB5-9887-BD1D42266503} = {ABBE14A3-0404-4123-9093-E598C3DD3E9B}
		{BF3868D6-3BBA-4E40-B180-213370C15494} = {D49E2011-0E1C-4AB5-9887-BD1D42266503}
	EndGlobalSection
EndGlobal
