
Microsoft Visual Studio Solution File, Format Version 10.00
# Visual Studio 2008
Project("{FAE04EC0-301F-11D3-BF4B-00C04F79EFBC}") = "DotNetOpenAuth", "DotNetOpenAuth\DotNetOpenAuth.csproj", "{3191B653-F76D-4C1A-9A5A-347BC3AAAAB7}"
EndProject
Project("{FAE04EC0-301F-11D3-BF4B-00C04F79EFBC}") = "DotNetOpenAuth.Test", "DotNetOpenAuth.Test\DotNetOpenAuth.Test.csproj", "{4376ECC9-C346-4A99-B13C-FA93C0FBD2C9}"
EndProject
Project("{2150E333-8FDC-42A3-9474-1A3956D46DE8}") = "Solution Items", "Solution Items", "{20B5E173-C3C4-49F8-BD25-E69044075B4D}"
	ProjectSection(SolutionItems) = preProject
		dotnetopenauth.vsmdi = dotnetopenauth.vsmdi
		LocalTestRun.testrunconfig = LocalTestRun.testrunconfig
		..\doc\README.Bin.html = ..\doc\README.Bin.html
		..\doc\README.html = ..\doc\README.html
		..\samples\README.html = ..\samples\README.html
	EndProjectSection
EndProject
Project("{2150E333-8FDC-42A3-9474-1A3956D46DE8}") = "Specs", "Specs", "{CD57219F-24F4-4136-8741-6063D0D7A031}"
	ProjectSection(SolutionItems) = preProject
		..\doc\specs\OAuth Core 1.0.htm = ..\doc\specs\OAuth Core 1.0.htm
		..\doc\specs\OAuth Core 1.0a (Draft 3).htm = ..\doc\specs\OAuth Core 1.0a (Draft 3).htm
		..\doc\specs\OpenID OAuth Extension.htm = ..\doc\specs\OpenID OAuth Extension.htm
		..\doc\specs\openid-attribute-exchange-1_0.html = ..\doc\specs\openid-attribute-exchange-1_0.html
		..\doc\specs\openid-authentication-1_1.html = ..\doc\specs\openid-authentication-1_1.html
		..\doc\specs\openid-authentication-2_0.html = ..\doc\specs\openid-authentication-2_0.html
		..\doc\specs\openid-provider-authentication-policy-extension-1_0-02.html = ..\doc\specs\openid-provider-authentication-policy-extension-1_0-02.html
		..\doc\specs\openid-simple-registration-extension-1_0.html = ..\doc\specs\openid-simple-registration-extension-1_0.html
		..\doc\specs\openid_ui_extension_draft01.html = ..\doc\specs\openid_ui_extension_draft01.html
	EndProjectSection
EndProject
Project("{2150E333-8FDC-42A3-9474-1A3956D46DE8}") = "Samples", "Samples", "{B4C6F647-C046-4B54-BE12-7701C4119EE7}"
EndProject
Project("{FAE04EC0-301F-11D3-BF4B-00C04F79EFBC}") = "DotNetOpenAuth.ApplicationBlock", "..\samples\DotNetOpenAuth.ApplicationBlock\DotNetOpenAuth.ApplicationBlock.csproj", "{AA78D112-D889-414B-A7D4-467B34C7B663}"
EndProject
Project("{E24C65DC-7377-472B-9ABA-BC803B73C61A}") = "DotNetOpenAuth.TestWeb", "DotNetOpenAuth.TestWeb", "{47A84EF7-68C3-4D47-926A-9CCEA6518531}"
	ProjectSection(WebsiteProperties) = preProject
		TargetFramework = "3.5"
		ProjectReferences = "{3191B653-F76D-4C1A-9A5A-347BC3AAAAB7}|DotNetOpenAuth.dll;{4376ECC9-C346-4A99-B13C-FA93C0FBD2C9}|DotNetOpenAuth.Test.dll;"
		Debug.AspNetCompiler.VirtualPath = "/DotNetOpenAuth.TestWeb"
		Debug.AspNetCompiler.PhysicalPath = "DotNetOpenAuth.TestWeb\"
		Debug.AspNetCompiler.TargetPath = "PrecompiledWeb\DotNetOpenAuth.TestWeb\"
		Debug.AspNetCompiler.Updateable = "false"
		Debug.AspNetCompiler.ForceOverwrite = "true"
		Debug.AspNetCompiler.FixedNames = "false"
		Debug.AspNetCompiler.Debug = "True"
		Release.AspNetCompiler.VirtualPath = "/DotNetOpenAuth.TestWeb"
		Release.AspNetCompiler.PhysicalPath = "DotNetOpenAuth.TestWeb\"
		Release.AspNetCompiler.TargetPath = "PrecompiledWeb\DotNetOpenAuth.TestWeb\"
		Release.AspNetCompiler.Updateable = "false"
		Release.AspNetCompiler.ForceOverwrite = "true"
		Release.AspNetCompiler.FixedNames = "false"
		Release.AspNetCompiler.Debug = "False"
		VWDPort = "5073"
		DefaultWebSiteLanguage = "Visual C#"
		StartServerOnDebug = "false"
	EndProjectSection
EndProject
Project("{FAE04EC0-301F-11D3-BF4B-00C04F79EFBC}") = "OpenIdProviderWebForms", "..\samples\OpenIdProviderWebForms\OpenIdProviderWebForms.csproj", "{2A59DE0A-B76A-4B42-9A33-04D34548353D}"
EndProject
Project("{FAE04EC0-301F-11D3-BF4B-00C04F79EFBC}") = "OpenIdProviderMvc", "..\samples\OpenIdProviderMvc\OpenIdProviderMvc.csproj", "{AEA29D4D-396F-47F6-BC81-B58D4B855245}"
EndProject
Project("{E24C65DC-7377-472B-9ABA-BC803B73C61A}") = "InfoCardRelyingParty", "..\samples\InfoCardRelyingParty", "{6EB90284-BD15-461C-BBF2-131CF55F7C8B}"
	ProjectSection(WebsiteProperties) = preProject
		TargetFramework = "3.5"
		ProjectReferences = "{3191B653-F76D-4C1A-9A5A-347BC3AAAAB7}|DotNetOpenAuth.dll;"
		Debug.AspNetCompiler.VirtualPath = "/InfoCardRelyingParty"
		Debug.AspNetCompiler.PhysicalPath = "..\samples\InfoCardRelyingParty\"
		Debug.AspNetCompiler.TargetPath = "PrecompiledWeb\InfoCardRelyingParty\"
		Debug.AspNetCompiler.Updateable = "true"
		Debug.AspNetCompiler.ForceOverwrite = "true"
		Debug.AspNetCompiler.FixedNames = "false"
		Debug.AspNetCompiler.Debug = "True"
		Release.AspNetCompiler.VirtualPath = "/InfoCardRelyingParty"
		Release.AspNetCompiler.PhysicalPath = "..\samples\InfoCardRelyingParty\"
		Release.AspNetCompiler.TargetPath = "PrecompiledWeb\InfoCardRelyingParty\"
		Release.AspNetCompiler.Updateable = "true"
		Release.AspNetCompiler.ForceOverwrite = "true"
		Release.AspNetCompiler.FixedNames = "false"
		Release.AspNetCompiler.Debug = "False"
		VWDPort = "4490"
		DefaultWebSiteLanguage = "Visual Basic"
	EndProjectSection
EndProject
Project("{FAE04EC0-301F-11D3-BF4B-00C04F79EFBC}") = "OpenIdRelyingPartyMvc", "..\samples\OpenIdRelyingPartyMvc\OpenIdRelyingPartyMvc.csproj", "{07B193F1-68AD-4E9C-98AF-BEFB5E9403CB}"
EndProject
Project("{FAE04EC0-301F-11D3-BF4B-00C04F79EFBC}") = "OpenIdRelyingPartyWebForms", "..\samples\OpenIdRelyingPartyWebForms\OpenIdRelyingPartyWebForms.csproj", "{1E8AEA89-BF69-47A1-B290-E8B0FE588700}"
EndProject
Project("{E24C65DC-7377-472B-9ABA-BC803B73C61A}") = "OpenIdRelyingPartyClassicAsp", "..\samples\OpenIdRelyingPartyClassicAsp", "{BBACD972-014D-478F-9B07-56B9E1D4CC73}"
	ProjectSection(WebsiteProperties) = preProject
		TargetFramework = "2.0"
		Debug.AspNetCompiler.VirtualPath = "/OpenIdRelyingPartyClassicAsp"
		Debug.AspNetCompiler.PhysicalPath = "..\samples\OpenIdRelyingPartyClassicAsp\"
		Debug.AspNetCompiler.TargetPath = "PrecompiledWeb\OpenIdRelyingPartyClassicAsp\"
		Debug.AspNetCompiler.Updateable = "true"
		Debug.AspNetCompiler.ForceOverwrite = "true"
		Debug.AspNetCompiler.FixedNames = "false"
		Debug.AspNetCompiler.Debug = "True"
		Release.AspNetCompiler.VirtualPath = "/OpenIdRelyingPartyClassicAsp"
		Release.AspNetCompiler.PhysicalPath = "..\samples\OpenIdRelyingPartyClassicAsp\"
		Release.AspNetCompiler.TargetPath = "PrecompiledWeb\OpenIdRelyingPartyClassicAsp\"
		Release.AspNetCompiler.Updateable = "true"
		Release.AspNetCompiler.ForceOverwrite = "true"
		Release.AspNetCompiler.FixedNames = "false"
		Release.AspNetCompiler.Debug = "False"
		VWDPort = "10318"
	EndProjectSection
EndProject
Project("{FAE04EC0-301F-11D3-BF4B-00C04F79EFBC}") = "OAuthConsumerWpf", "..\samples\OAuthConsumerWpf\OAuthConsumerWpf.csproj", "{6EC36418-DBC5-4AD1-A402-413604AA7A08}"
EndProject
Project("{2150E333-8FDC-42A3-9474-1A3956D46DE8}") = "OpenID", "OpenID", "{034D5B5B-7D00-4A9D-8AFE-4A476E0575B1}"
EndProject
Project("{2150E333-8FDC-42A3-9474-1A3956D46DE8}") = "OAuth", "OAuth", "{1E2CBAA5-60A3-4AED-912E-541F5753CDC6}"
EndProject
Project("{2150E333-8FDC-42A3-9474-1A3956D46DE8}") = "InfoCard", "InfoCard", "{8A5CEDB9-7F8A-4BE2-A1B9-97130F453277}"
EndProject
Project("{E24C65DC-7377-472B-9ABA-BC803B73C61A}") = "OAuthConsumer", "..\samples\OAuthConsumer", "{9ADBE36D-9960-48F6-82E9-B4AC559E9AC3}"
	ProjectSection(WebsiteProperties) = preProject
		TargetFramework = "3.5"
		ProjectReferences = "{3191B653-F76D-4C1A-9A5A-347BC3AAAAB7}|DotNetOpenAuth.dll;{AA78D112-D889-414B-A7D4-467B34C7B663}|DotNetOpenAuth.ApplicationBlock.dll;"
		Debug.AspNetCompiler.VirtualPath = "/OAuthConsumer"
		Debug.AspNetCompiler.PhysicalPath = "..\samples\OAuthConsumer\"
		Debug.AspNetCompiler.TargetPath = "PrecompiledWeb\OAuthConsumer\"
		Debug.AspNetCompiler.Updateable = "true"
		Debug.AspNetCompiler.ForceOverwrite = "true"
		Debug.AspNetCompiler.FixedNames = "false"
		Debug.AspNetCompiler.Debug = "True"
		Release.AspNetCompiler.VirtualPath = "/OAuthConsumer"
		Release.AspNetCompiler.PhysicalPath = "..\samples\OAuthConsumer\"
		Release.AspNetCompiler.TargetPath = "PrecompiledWeb\OAuthConsumer\"
		Release.AspNetCompiler.Updateable = "true"
		Release.AspNetCompiler.ForceOverwrite = "true"
		Release.AspNetCompiler.FixedNames = "false"
		Release.AspNetCompiler.Debug = "False"
		VWDPort = "10335"
	EndProjectSection
EndProject
Project("{E24C65DC-7377-472B-9ABA-BC803B73C61A}") = "OAuthServiceProvider", "..\samples\OAuthServiceProvider", "{7ADCCD5C-AC2B-4340-9410-FE3A31A48191}"
	ProjectSection(WebsiteProperties) = preProject
		TargetFramework = "3.5"
		ProjectReferences = "{3191B653-F76D-4C1A-9A5A-347BC3AAAAB7}|DotNetOpenAuth.dll;"
		Debug.AspNetCompiler.VirtualPath = "/OAuthServiceProvider"
		Debug.AspNetCompiler.PhysicalPath = "..\samples\OAuthServiceProvider\"
		Debug.AspNetCompiler.TargetPath = "PrecompiledWeb\OAuthServiceProvider\"
		Debug.AspNetCompiler.Updateable = "true"
		Debug.AspNetCompiler.ForceOverwrite = "true"
		Debug.AspNetCompiler.FixedNames = "false"
		Debug.AspNetCompiler.Debug = "True"
		Release.AspNetCompiler.VirtualPath = "/OAuthServiceProvider"
		Release.AspNetCompiler.PhysicalPath = "..\samples\OAuthServiceProvider\"
		Release.AspNetCompiler.TargetPath = "PrecompiledWeb\OAuthServiceProvider\"
		Release.AspNetCompiler.Updateable = "true"
		Release.AspNetCompiler.ForceOverwrite = "true"
		Release.AspNetCompiler.FixedNames = "false"
		Release.AspNetCompiler.Debug = "False"
		VWDPort = "65169"
		VWDDynamicPort = "false"
	EndProjectSection
EndProject
Project("{FAE04EC0-301F-11D3-BF4B-00C04F79EFBC}") = "OpenIdOfflineProvider", "..\samples\OpenIdOfflineProvider\OpenIdOfflineProvider.csproj", "{5C65603B-235F-47E6-B536-06385C60DE7F}"
EndProject
Project("{2150E333-8FDC-42A3-9474-1A3956D46DE8}") = "Tools", "Tools", "{E9ED920D-1F83-48C0-9A4B-09CCE505FE6D}"
EndProject
Global
	GlobalSection(TestCaseManagementSettings) = postSolution
		CategoryFile = DotNetOpenAuth.vsmdi
	EndGlobalSection
	GlobalSection(SolutionConfigurationPlatforms) = preSolution
		CodeAnalysis|Any CPU = CodeAnalysis|Any CPU
		Debug|Any CPU = Debug|Any CPU
		Release|Any CPU = Release|Any CPU
	EndGlobalSection
	GlobalSection(ProjectConfigurationPlatforms) = postSolution
		{3191B653-F76D-4C1A-9A5A-347BC3AAAAB7}.CodeAnalysis|Any CPU.ActiveCfg = CodeAnalysis|Any CPU
		{3191B653-F76D-4C1A-9A5A-347BC3AAAAB7}.CodeAnalysis|Any CPU.Build.0 = CodeAnalysis|Any CPU
		{3191B653-F76D-4C1A-9A5A-347BC3AAAAB7}.Debug|Any CPU.ActiveCfg = Debug|Any CPU
		{3191B653-F76D-4C1A-9A5A-347BC3AAAAB7}.Debug|Any CPU.Build.0 = Debug|Any CPU
		{3191B653-F76D-4C1A-9A5A-347BC3AAAAB7}.Release|Any CPU.ActiveCfg = Release|Any CPU
		{3191B653-F76D-4C1A-9A5A-347BC3AAAAB7}.Release|Any CPU.Build.0 = Release|Any CPU
		{4376ECC9-C346-4A99-B13C-FA93C0FBD2C9}.CodeAnalysis|Any CPU.ActiveCfg = CodeAnalysis|Any CPU
		{4376ECC9-C346-4A99-B13C-FA93C0FBD2C9}.CodeAnalysis|Any CPU.Build.0 = CodeAnalysis|Any CPU
		{4376ECC9-C346-4A99-B13C-FA93C0FBD2C9}.Debug|Any CPU.ActiveCfg = Debug|Any CPU
		{4376ECC9-C346-4A99-B13C-FA93C0FBD2C9}.Debug|Any CPU.Build.0 = Debug|Any CPU
		{4376ECC9-C346-4A99-B13C-FA93C0FBD2C9}.Release|Any CPU.ActiveCfg = Release|Any CPU
		{4376ECC9-C346-4A99-B13C-FA93C0FBD2C9}.Release|Any CPU.Build.0 = Release|Any CPU
		{AA78D112-D889-414B-A7D4-467B34C7B663}.CodeAnalysis|Any CPU.ActiveCfg = CodeAnalysis|Any CPU
		{AA78D112-D889-414B-A7D4-467B34C7B663}.CodeAnalysis|Any CPU.Build.0 = CodeAnalysis|Any CPU
		{AA78D112-D889-414B-A7D4-467B34C7B663}.Debug|Any CPU.ActiveCfg = Debug|Any CPU
		{AA78D112-D889-414B-A7D4-467B34C7B663}.Debug|Any CPU.Build.0 = Debug|Any CPU
		{AA78D112-D889-414B-A7D4-467B34C7B663}.Release|Any CPU.ActiveCfg = Release|Any CPU
		{AA78D112-D889-414B-A7D4-467B34C7B663}.Release|Any CPU.Build.0 = Release|Any CPU
		{47A84EF7-68C3-4D47-926A-9CCEA6518531}.CodeAnalysis|Any CPU.ActiveCfg = Debug|Any CPU
		{47A84EF7-68C3-4D47-926A-9CCEA6518531}.CodeAnalysis|Any CPU.Build.0 = Debug|Any CPU
		{47A84EF7-68C3-4D47-926A-9CCEA6518531}.Debug|Any CPU.ActiveCfg = Debug|Any CPU
		{47A84EF7-68C3-4D47-926A-9CCEA6518531}.Debug|Any CPU.Build.0 = Debug|Any CPU
		{47A84EF7-68C3-4D47-926A-9CCEA6518531}.Release|Any CPU.ActiveCfg = Debug|Any CPU
		{47A84EF7-68C3-4D47-926A-9CCEA6518531}.Release|Any CPU.Build.0 = Debug|Any CPU
		{2A59DE0A-B76A-4B42-9A33-04D34548353D}.CodeAnalysis|Any CPU.ActiveCfg = CodeAnalysis|Any CPU
		{2A59DE0A-B76A-4B42-9A33-04D34548353D}.CodeAnalysis|Any CPU.Build.0 = CodeAnalysis|Any CPU
		{2A59DE0A-B76A-4B42-9A33-04D34548353D}.Debug|Any CPU.ActiveCfg = Debug|Any CPU
		{2A59DE0A-B76A-4B42-9A33-04D34548353D}.Debug|Any CPU.Build.0 = Debug|Any CPU
		{2A59DE0A-B76A-4B42-9A33-04D34548353D}.Release|Any CPU.ActiveCfg = Release|Any CPU
		{2A59DE0A-B76A-4B42-9A33-04D34548353D}.Release|Any CPU.Build.0 = Release|Any CPU
		{AEA29D4D-396F-47F6-BC81-B58D4B855245}.CodeAnalysis|Any CPU.ActiveCfg = Release|Any CPU
		{AEA29D4D-396F-47F6-BC81-B58D4B855245}.CodeAnalysis|Any CPU.Build.0 = Release|Any CPU
		{AEA29D4D-396F-47F6-BC81-B58D4B855245}.Debug|Any CPU.ActiveCfg = Debug|Any CPU
		{AEA29D4D-396F-47F6-BC81-B58D4B855245}.Debug|Any CPU.Build.0 = Debug|Any CPU
		{AEA29D4D-396F-47F6-BC81-B58D4B855245}.Release|Any CPU.ActiveCfg = Release|Any CPU
		{AEA29D4D-396F-47F6-BC81-B58D4B855245}.Release|Any CPU.Build.0 = Release|Any CPU
		{6EB90284-BD15-461C-BBF2-131CF55F7C8B}.CodeAnalysis|Any CPU.ActiveCfg = Debug|Any CPU
		{6EB90284-BD15-461C-BBF2-131CF55F7C8B}.CodeAnalysis|Any CPU.Build.0 = Debug|Any CPU
		{6EB90284-BD15-461C-BBF2-131CF55F7C8B}.Debug|Any CPU.ActiveCfg = Debug|Any CPU
		{6EB90284-BD15-461C-BBF2-131CF55F7C8B}.Debug|Any CPU.Build.0 = Debug|Any CPU
		{6EB90284-BD15-461C-BBF2-131CF55F7C8B}.Release|Any CPU.ActiveCfg = Debug|Any CPU
		{6EB90284-BD15-461C-BBF2-131CF55F7C8B}.Release|Any CPU.Build.0 = Debug|Any CPU
		{07B193F1-68AD-4E9C-98AF-BEFB5E9403CB}.CodeAnalysis|Any CPU.ActiveCfg = Release|Any CPU
		{07B193F1-68AD-4E9C-98AF-BEFB5E9403CB}.CodeAnalysis|Any CPU.Build.0 = Release|Any CPU
		{07B193F1-68AD-4E9C-98AF-BEFB5E9403CB}.Debug|Any CPU.ActiveCfg = Debug|Any CPU
		{07B193F1-68AD-4E9C-98AF-BEFB5E9403CB}.Debug|Any CPU.Build.0 = Debug|Any CPU
		{07B193F1-68AD-4E9C-98AF-BEFB5E9403CB}.Release|Any CPU.ActiveCfg = Release|Any CPU
		{07B193F1-68AD-4E9C-98AF-BEFB5E9403CB}.Release|Any CPU.Build.0 = Release|Any CPU
		{1E8AEA89-BF69-47A1-B290-E8B0FE588700}.CodeAnalysis|Any CPU.ActiveCfg = CodeAnalysis|Any CPU
		{1E8AEA89-BF69-47A1-B290-E8B0FE588700}.CodeAnalysis|Any CPU.Build.0 = CodeAnalysis|Any CPU
		{1E8AEA89-BF69-47A1-B290-E8B0FE588700}.Debug|Any CPU.ActiveCfg = Debug|Any CPU
		{1E8AEA89-BF69-47A1-B290-E8B0FE588700}.Debug|Any CPU.Build.0 = Debug|Any CPU
		{1E8AEA89-BF69-47A1-B290-E8B0FE588700}.Release|Any CPU.ActiveCfg = Release|Any CPU
		{1E8AEA89-BF69-47A1-B290-E8B0FE588700}.Release|Any CPU.Build.0 = Release|Any CPU
		{BBACD972-014D-478F-9B07-56B9E1D4CC73}.CodeAnalysis|Any CPU.ActiveCfg = Debug|Any CPU
		{BBACD972-014D-478F-9B07-56B9E1D4CC73}.CodeAnalysis|Any CPU.Build.0 = Debug|Any CPU
		{BBACD972-014D-478F-9B07-56B9E1D4CC73}.Debug|Any CPU.ActiveCfg = Debug|Any CPU
		{BBACD972-014D-478F-9B07-56B9E1D4CC73}.Debug|Any CPU.Build.0 = Debug|Any CPU
		{BBACD972-014D-478F-9B07-56B9E1D4CC73}.Release|Any CPU.ActiveCfg = Debug|Any CPU
		{BBACD972-014D-478F-9B07-56B9E1D4CC73}.Release|Any CPU.Build.0 = Debug|Any CPU
		{6EC36418-DBC5-4AD1-A402-413604AA7A08}.CodeAnalysis|Any CPU.ActiveCfg = CodeAnalysis|Any CPU
		{6EC36418-DBC5-4AD1-A402-413604AA7A08}.CodeAnalysis|Any CPU.Build.0 = CodeAnalysis|Any CPU
		{6EC36418-DBC5-4AD1-A402-413604AA7A08}.Debug|Any CPU.ActiveCfg = Debug|Any CPU
		{6EC36418-DBC5-4AD1-A402-413604AA7A08}.Debug|Any CPU.Build.0 = Debug|Any CPU
		{6EC36418-DBC5-4AD1-A402-413604AA7A08}.Release|Any CPU.ActiveCfg = Release|Any CPU
		{6EC36418-DBC5-4AD1-A402-413604AA7A08}.Release|Any CPU.Build.0 = Release|Any CPU
		{9ADBE36D-9960-48F6-82E9-B4AC559E9AC3}.CodeAnalysis|Any CPU.ActiveCfg = Debug|Any CPU
		{9ADBE36D-9960-48F6-82E9-B4AC559E9AC3}.CodeAnalysis|Any CPU.Build.0 = Debug|Any CPU
		{9ADBE36D-9960-48F6-82E9-B4AC559E9AC3}.Debug|Any CPU.ActiveCfg = Debug|Any CPU
		{9ADBE36D-9960-48F6-82E9-B4AC559E9AC3}.Debug|Any CPU.Build.0 = Debug|Any CPU
		{9ADBE36D-9960-48F6-82E9-B4AC559E9AC3}.Release|Any CPU.ActiveCfg = Debug|Any CPU
		{9ADBE36D-9960-48F6-82E9-B4AC559E9AC3}.Release|Any CPU.Build.0 = Debug|Any CPU
		{7ADCCD5C-AC2B-4340-9410-FE3A31A48191}.CodeAnalysis|Any CPU.ActiveCfg = Debug|Any CPU
		{7ADCCD5C-AC2B-4340-9410-FE3A31A48191}.CodeAnalysis|Any CPU.Build.0 = Debug|Any CPU
		{7ADCCD5C-AC2B-4340-9410-FE3A31A48191}.Debug|Any CPU.ActiveCfg = Debug|Any CPU
		{7ADCCD5C-AC2B-4340-9410-FE3A31A48191}.Debug|Any CPU.Build.0 = Debug|Any CPU
		{7ADCCD5C-AC2B-4340-9410-FE3A31A48191}.Release|Any CPU.ActiveCfg = Debug|Any CPU
		{7ADCCD5C-AC2B-4340-9410-FE3A31A48191}.Release|Any CPU.Build.0 = Debug|Any CPU
		{5C65603B-235F-47E6-B536-06385C60DE7F}.CodeAnalysis|Any CPU.ActiveCfg = Release|Any CPU
		{5C65603B-235F-47E6-B536-06385C60DE7F}.CodeAnalysis|Any CPU.Build.0 = Release|Any CPU
		{5C65603B-235F-47E6-B536-06385C60DE7F}.Debug|Any CPU.ActiveCfg = Debug|Any CPU
		{5C65603B-235F-47E6-B536-06385C60DE7F}.Debug|Any CPU.Build.0 = Debug|Any CPU
		{5C65603B-235F-47E6-B536-06385C60DE7F}.Release|Any CPU.ActiveCfg = Release|Any CPU
		{5C65603B-235F-47E6-B536-06385C60DE7F}.Release|Any CPU.Build.0 = Release|Any CPU
	EndGlobalSection
	GlobalSection(SolutionProperties) = preSolution
		HideSolutionNode = FALSE
	EndGlobalSection
	GlobalSection(NestedProjects) = preSolution
		{CD57219F-24F4-4136-8741-6063D0D7A031} = {20B5E173-C3C4-49F8-BD25-E69044075B4D}
		{AA78D112-D889-414B-A7D4-467B34C7B663} = {B4C6F647-C046-4B54-BE12-7701C4119EE7}
		{034D5B5B-7D00-4A9D-8AFE-4A476E0575B1} = {B4C6F647-C046-4B54-BE12-7701C4119EE7}
		{8A5CEDB9-7F8A-4BE2-A1B9-97130F453277} = {B4C6F647-C046-4B54-BE12-7701C4119EE7}
		{1E2CBAA5-60A3-4AED-912E-541F5753CDC6} = {B4C6F647-C046-4B54-BE12-7701C4119EE7}
		{AEA29D4D-396F-47F6-BC81-B58D4B855245} = {034D5B5B-7D00-4A9D-8AFE-4A476E0575B1}
		{07B193F1-68AD-4E9C-98AF-BEFB5E9403CB} = {034D5B5B-7D00-4A9D-8AFE-4A476E0575B1}
		{1E8AEA89-BF69-47A1-B290-E8B0FE588700} = {034D5B5B-7D00-4A9D-8AFE-4A476E0575B1}
		{BBACD972-014D-478F-9B07-56B9E1D4CC73} = {034D5B5B-7D00-4A9D-8AFE-4A476E0575B1}
		{2A59DE0A-B76A-4B42-9A33-04D34548353D} = {034D5B5B-7D00-4A9D-8AFE-4A476E0575B1}
		{6EB90284-BD15-461C-BBF2-131CF55F7C8B} = {8A5CEDB9-7F8A-4BE2-A1B9-97130F453277}
		{6EC36418-DBC5-4AD1-A402-413604AA7A08} = {1E2CBAA5-60A3-4AED-912E-541F5753CDC6}
		{9ADBE36D-9960-48F6-82E9-B4AC559E9AC3} = {1E2CBAA5-60A3-4AED-912E-541F5753CDC6}
		{7ADCCD5C-AC2B-4340-9410-FE3A31A48191} = {1E2CBAA5-60A3-4AED-912E-541F5753CDC6}
		{5C65603B-235F-47E6-B536-06385C60DE7F} = {E9ED920D-1F83-48C0-9A4B-09CCE505FE6D}
	EndGlobalSection
EndGlobal
