
Microsoft Visual Studio Solution File, Format Version 12.00
# Visual Studio 2013
VisualStudioVersion = 12.0.31101.0
MinimumVisualStudioVersion = 10.0.40219.1
Project("{2150E333-8FDC-42A3-9474-1A3956D46DE8}") = "Solution Items", "Solution Items", "{20B5E173-C3C4-49F8-BD25-E69044075B4D}"
	ProjectSection(SolutionItems) = preProject
		..\build.proj = ..\build.proj
		..\projecttemplates\DotNetOpenAuth Starter Kits.vscontent = ..\projecttemplates\DotNetOpenAuth Starter Kits.vscontent
		..\LICENSE.txt = ..\LICENSE.txt
		..\doc\README.Bin.html = ..\doc\README.Bin.html
		..\doc\README.html = ..\doc\README.html
		..\samples\README.html = ..\samples\README.html
	EndProjectSection
EndProject
Project("{2150E333-8FDC-42A3-9474-1A3956D46DE8}") = "Specs", "Specs", "{CD57219F-24F4-4136-8741-6063D0D7A031}"
	ProjectSection(SolutionItems) = preProject
		..\doc\specs\draft-ietf-oauth-v2-23.txt = ..\doc\specs\draft-ietf-oauth-v2-23.txt
		..\doc\specs\draft-ietf-oauth-v2-bearer.htm = ..\doc\specs\draft-ietf-oauth-v2-bearer.htm
		..\doc\specs\draft-jones-json-web-token.htm = ..\doc\specs\draft-jones-json-web-token.htm
		..\doc\specs\ICAM_OpenID20Profile.pdf = ..\doc\specs\ICAM_OpenID20Profile.pdf
		..\doc\specs\OAuth Core 1.0.htm = ..\doc\specs\OAuth Core 1.0.htm
		..\doc\specs\OAuth Core 1.0a (Draft 3).htm = ..\doc\specs\OAuth Core 1.0a (Draft 3).htm
		..\doc\specs\OpenID OAuth Extension.htm = ..\doc\specs\OpenID OAuth Extension.htm
		..\doc\specs\openid-attribute-exchange-1_0.html = ..\doc\specs\openid-attribute-exchange-1_0.html
		..\doc\specs\openid-authentication-1_1.html = ..\doc\specs\openid-authentication-1_1.html
		..\doc\specs\openid-authentication-2_0.html = ..\doc\specs\openid-authentication-2_0.html
		..\doc\specs\openid-provider-authentication-policy-extension-1_0-02.html = ..\doc\specs\openid-provider-authentication-policy-extension-1_0-02.html
		..\doc\specs\openid-simple-registration-extension-1_0.html = ..\doc\specs\openid-simple-registration-extension-1_0.html
		..\doc\specs\openid_ui_extension_draft01.html = ..\doc\specs\openid_ui_extension_draft01.html
	EndProjectSection
EndProject
Project("{2150E333-8FDC-42A3-9474-1A3956D46DE8}") = "Samples", "Samples", "{B4C6F647-C046-4B54-BE12-7701C4119EE7}"
EndProject
Project("{2150E333-8FDC-42A3-9474-1A3956D46DE8}") = "OpenID", "OpenID", "{034D5B5B-7D00-4A9D-8AFE-4A476E0575B1}"
EndProject
Project("{2150E333-8FDC-42A3-9474-1A3956D46DE8}") = "OAuth2", "OAuth2", "{1E2CBAA5-60A3-4AED-912E-541F5753CDC6}"
EndProject
Project("{2150E333-8FDC-42A3-9474-1A3956D46DE8}") = "Tools", "Tools", "{E9ED920D-1F83-48C0-9A4B-09CCE505FE6D}"
EndProject
Project("{2150E333-8FDC-42A3-9474-1A3956D46DE8}") = "Product", "Product", "{8D4236F7-C49B-49D3-BA71-6B86C9514BDE}"
EndProject
Project("{2150E333-8FDC-42A3-9474-1A3956D46DE8}") = "OpenID", "OpenID", "{C7EF1823-3AA7-477E-8476-28929F5C05D2}"
EndProject
Project("{2150E333-8FDC-42A3-9474-1A3956D46DE8}") = "OAuth", "OAuth", "{9AF74F53-10F5-49A2-B747-87B97CD559D3}"
EndProject
Project("{2150E333-8FDC-42A3-9474-1A3956D46DE8}") = "OAuth2", "OAuth2", "{238B6BA8-AD99-43C9-B8E2-D2BCE6CE04DC}"
EndProject
Project("{2150E333-8FDC-42A3-9474-1A3956D46DE8}") = "Combinations", "Combinations", "{57A7DD35-666C-4FA3-9A1B-38961E50CA27}"
EndProject
Project("{2150E333-8FDC-42A3-9474-1A3956D46DE8}") = "OAuth1", "OAuth1", "{2DA24D4F-6918-43CF-973C-BC9D818F8E90}"
EndProject
Project("{FAE04EC0-301F-11D3-BF4B-00C04F79EFBC}") = "DotNetOpenAuth.Test", "DotNetOpenAuth.Test\DotNetOpenAuth.Test.csproj", "{4376ECC9-C346-4A99-B13C-FA93C0FBD2C9}"
EndProject
Project("{FAE04EC0-301F-11D3-BF4B-00C04F79EFBC}") = "DotNetOpenAuth.ApplicationBlock", "..\samples\DotNetOpenAuth.ApplicationBlock\DotNetOpenAuth.ApplicationBlock.csproj", "{AA78D112-D889-414B-A7D4-467B34C7B663}"
EndProject
Project("{FAE04EC0-301F-11D3-BF4B-00C04F79EFBC}") = "OpenIdProviderWebForms", "..\samples\OpenIdProviderWebForms\OpenIdProviderWebForms.csproj", "{2A59DE0A-B76A-4B42-9A33-04D34548353D}"
EndProject
Project("{FAE04EC0-301F-11D3-BF4B-00C04F79EFBC}") = "OpenIdProviderMvc", "..\samples\OpenIdProviderMvc\OpenIdProviderMvc.csproj", "{AEA29D4D-396F-47F6-BC81-B58D4B855245}"
EndProject
Project("{FAE04EC0-301F-11D3-BF4B-00C04F79EFBC}") = "OpenIdRelyingPartyMvc", "..\samples\OpenIdRelyingPartyMvc\OpenIdRelyingPartyMvc.csproj", "{07B193F1-68AD-4E9C-98AF-BEFB5E9403CB}"
EndProject
Project("{FAE04EC0-301F-11D3-BF4B-00C04F79EFBC}") = "OAuthConsumerWpf", "..\samples\OAuthConsumerWpf\OAuthConsumerWpf.csproj", "{6EC36418-DBC5-4AD1-A402-413604AA7A08}"
EndProject
Project("{FAE04EC0-301F-11D3-BF4B-00C04F79EFBC}") = "OpenIdOfflineProvider", "..\samples\OpenIdOfflineProvider\OpenIdOfflineProvider.csproj", "{5C65603B-235F-47E6-B536-06385C60DE7F}"
EndProject
Project("{FAE04EC0-301F-11D3-BF4B-00C04F79EFBC}") = "OpenIdWebRingSsoRelyingParty", "..\samples\OpenIdWebRingSsoRelyingParty\OpenIdWebRingSsoRelyingParty.csproj", "{B64A1E7E-6A15-4B91-AF13-7D48F7DA5942}"
EndProject
Project("{FAE04EC0-301F-11D3-BF4B-00C04F79EFBC}") = "OpenIdWebRingSsoProvider", "..\samples\OpenIdWebRingSsoProvider\OpenIdWebRingSsoProvider.csproj", "{0B4EB2A8-283D-48FB-BCD0-85B8DFFE05E4}"
EndProject
Project("{FAE04EC0-301F-11D3-BF4B-00C04F79EFBC}") = "OAuthClient", "..\samples\OAuthClient\OAuthClient.csproj", "{9529606E-AF76-4387-BFB7-3D10A5B399AA}"
	ProjectSection(ProjectDependencies) = postProject
		{E135F455-0669-49F8-9207-07FCA8C8FC79} = {E135F455-0669-49F8-9207-07FCA8C8FC79}
	EndProjectSection
EndProject
Project("{FAE04EC0-301F-11D3-BF4B-00C04F79EFBC}") = "OAuthResourceServer", "..\samples\OAuthResourceServer\OAuthResourceServer.csproj", "{E135F455-0669-49F8-9207-07FCA8C8FC79}"
EndProject
Project("{FAE04EC0-301F-11D3-BF4B-00C04F79EFBC}") = "OAuthAuthorizationServer", "..\samples\OAuthAuthorizationServer\OAuthAuthorizationServer.csproj", "{C78E8235-1D46-43EB-A912-80B522C4E9AE}"
EndProject
Project("{FAE04EC0-301F-11D3-BF4B-00C04F79EFBC}") = "DotNetOpenAuth.Core", "DotNetOpenAuth.Core\DotNetOpenAuth.Core.csproj", "{60426312-6AE5-4835-8667-37EDEA670222}"
EndProject
Project("{FAE04EC0-301F-11D3-BF4B-00C04F79EFBC}") = "DotNetOpenAuth.OpenId", "DotNetOpenAuth.OpenId\DotNetOpenAuth.OpenId.csproj", "{3896A32A-E876-4C23-B9B8-78E17D134CD3}"
EndProject
Project("{FAE04EC0-301F-11D3-BF4B-00C04F79EFBC}") = "DotNetOpenAuth.OAuth", "DotNetOpenAuth.OAuth\DotNetOpenAuth.OAuth.csproj", "{A288FCC8-6FCF-46DA-A45E-5F9281556361}"
EndProject
Project("{FAE04EC0-301F-11D3-BF4B-00C04F79EFBC}") = "DotNetOpenAuth.OAuth2", "DotNetOpenAuth.OAuth2\DotNetOpenAuth.OAuth2.csproj", "{56459A6C-6BA2-4BAC-A9C0-27E3BD961FA6}"
EndProject
Project("{FAE04EC0-301F-11D3-BF4B-00C04F79EFBC}") = "DotNetOpenAuth.OpenId.Provider", "DotNetOpenAuth.OpenId.Provider\DotNetOpenAuth.OpenId.Provider.csproj", "{F8284738-3B5D-4733-A511-38C23F4A763F}"
EndProject
Project("{FAE04EC0-301F-11D3-BF4B-00C04F79EFBC}") = "DotNetOpenAuth.OpenId.RelyingParty", "DotNetOpenAuth.OpenId.RelyingParty\DotNetOpenAuth.OpenId.RelyingParty.csproj", "{F458AB60-BA1C-43D9-8CEF-EC01B50BE87B}"
EndProject
Project("{FAE04EC0-301F-11D3-BF4B-00C04F79EFBC}") = "Mono.Math", "Mono.Math\Mono.Math.csproj", "{F4CD3C04-6037-4946-B7A5-34BFC96A75D2}"
EndProject
Project("{FAE04EC0-301F-11D3-BF4B-00C04F79EFBC}") = "Org.Mentalis.Security.Cryptography", "Org.Mentalis.Security.Cryptography\Org.Mentalis.Security.Cryptography.csproj", "{26DC877F-5987-48DD-9DDB-E62F2DE0E150}"
EndProject
Project("{FAE04EC0-301F-11D3-BF4B-00C04F79EFBC}") = "DotNetOpenAuth.OpenId.RelyingParty.UI", "DotNetOpenAuth.OpenId.RelyingParty.UI\DotNetOpenAuth.OpenId.RelyingParty.UI.csproj", "{1ED8D424-F8AB-4050-ACEB-F27F4F909484}"
EndProject
Project("{FAE04EC0-301F-11D3-BF4B-00C04F79EFBC}") = "DotNetOpenAuth.OpenId.Provider.UI", "DotNetOpenAuth.OpenId.Provider.UI\DotNetOpenAuth.OpenId.Provider.UI.csproj", "{9D0F8866-2131-4C2A-BC0E-16FEA5B50828}"
EndProject
Project("{FAE04EC0-301F-11D3-BF4B-00C04F79EFBC}") = "DotNetOpenAuth.OpenId.UI", "DotNetOpenAuth.OpenId.UI\DotNetOpenAuth.OpenId.UI.csproj", "{75E13AAE-7D51-4421-ABFD-3F3DC91F576E}"
EndProject
Project("{FAE04EC0-301F-11D3-BF4B-00C04F79EFBC}") = "DotNetOpenAuth.Core.UI", "DotNetOpenAuth.Core.UI\DotNetOpenAuth.Core.UI.csproj", "{173E7B8D-E751-46E2-A133-F72297C0D2F4}"
EndProject
Project("{FAE04EC0-301F-11D3-BF4B-00C04F79EFBC}") = "DotNetOpenAuth.OAuth.Consumer", "DotNetOpenAuth.OAuth.Consumer\DotNetOpenAuth.OAuth.Consumer.csproj", "{B202E40D-4663-4A2B-ACDA-865F88FF7CAA}"
EndProject
Project("{FAE04EC0-301F-11D3-BF4B-00C04F79EFBC}") = "DotNetOpenAuth.OAuth.ServiceProvider", "DotNetOpenAuth.OAuth.ServiceProvider\DotNetOpenAuth.OAuth.ServiceProvider.csproj", "{FED1923A-6D70-49B5-A37A-FB744FEC1C86}"
EndProject
Project("{FAE04EC0-301F-11D3-BF4B-00C04F79EFBC}") = "DotNetOpenAuth.OAuth2.AuthorizationServer", "DotNetOpenAuth.OAuth2.AuthorizationServer\DotNetOpenAuth.OAuth2.AuthorizationServer.csproj", "{99BB7543-EA16-43EE-A7BC-D7A25A3B22F6}"
EndProject
Project("{FAE04EC0-301F-11D3-BF4B-00C04F79EFBC}") = "DotNetOpenAuth.OAuth2.Client", "DotNetOpenAuth.OAuth2.Client\DotNetOpenAuth.OAuth2.Client.csproj", "{CDEDD439-7F35-4E6E-8605-4E70BDC4CC99}"
EndProject
Project("{FAE04EC0-301F-11D3-BF4B-00C04F79EFBC}") = "DotNetOpenAuth.OAuth2.ResourceServer", "DotNetOpenAuth.OAuth2.ResourceServer\DotNetOpenAuth.OAuth2.ResourceServer.csproj", "{A1A3150A-7B0E-4A34-8E35-045296CD3C76}"
EndProject
Project("{FAE04EC0-301F-11D3-BF4B-00C04F79EFBC}") = "DotNetOpenAuth.OAuth2.Client.UI", "DotNetOpenAuth.OAuth2.Client.UI\DotNetOpenAuth.OAuth2.Client.UI.csproj", "{ADC2CC8C-541E-4F86-ACB1-DD504A36FA4B}"
EndProject
Project("{FAE04EC0-301F-11D3-BF4B-00C04F79EFBC}") = "OAuthConsumer", "..\samples\OAuthConsumer\OAuthConsumer.csproj", "{2BF1FFD1-607E-40D0-8AB5-EDA677EF932D}"
EndProject
Project("{FAE04EC0-301F-11D3-BF4B-00C04F79EFBC}") = "OAuthServiceProvider", "..\samples\OAuthServiceProvider\OAuthServiceProvider.csproj", "{CAA2408C-6918-4902-A512-58BCD62216C3}"
EndProject
Project("{FAE04EC0-301F-11D3-BF4B-00C04F79EFBC}") = "DotNetOpenAuth.OpenIdOAuth", "DotNetOpenAuth.OpenIdOAuth\DotNetOpenAuth.OpenIdOAuth.csproj", "{4BFAA336-5DF3-4F27-82D3-06D13240E8AB}"
EndProject
Project("{FAE04EC0-301F-11D3-BF4B-00C04F79EFBC}") = "DotNetOpenAuth.OAuth.Common", "DotNetOpenAuth.OAuth.Common\DotNetOpenAuth.OAuth.Common.csproj", "{115217C5-22CD-415C-A292-0DD0238CDD89}"
EndProject
Project("{FAE04EC0-301F-11D3-BF4B-00C04F79EFBC}") = "DotNetOpenAuth.OAuth2.ClientAuthorization", "DotNetOpenAuth.OAuth2.ClientAuthorization\DotNetOpenAuth.OAuth2.ClientAuthorization.csproj", "{CCF3728A-B3D7-404A-9BC6-75197135F2D7}"
EndProject
Project("{FAE04EC0-301F-11D3-BF4B-00C04F79EFBC}") = "OAuth2ProtectedWebApi", "..\samples\OAuth2ProtectedWebApi\OAuth2ProtectedWebApi.csproj", "{58A3721F-5B5C-4CA7-BE39-91640B5B4924}"
EndProject
Project("{FAE04EC0-301F-11D3-BF4B-00C04F79EFBC}") = "DotNetOpenAuth.Mvc", "DotNetOpenAuth.Mvc\DotNetOpenAuth.Mvc.csproj", "{9D308EF2-2712-4F83-A14C-18BF08D45526}"
EndProject
Project("{2150E333-8FDC-42A3-9474-1A3956D46DE8}") = ".nuget", ".nuget", "{4F1C8041-7A79-46F5-B1B7-688DC85DD400}"
	ProjectSection(SolutionItems) = preProject
		.nuget\NuGet.Config = .nuget\NuGet.Config
		.nuget\NuGet.exe = .nuget\NuGet.exe
		.nuget\NuGet.targets = .nuget\NuGet.targets
	EndProjectSection
EndProject
Project("{2150E333-8FDC-42A3-9474-1A3956D46DE8}") = "OpenID Connect", "OpenID Connect", "{C3CDBD4D-DB45-4B42-9439-9EFD9A4F84A3}"
EndProject
Project("{FAE04EC0-301F-11D3-BF4B-00C04F79EFBC}") = "DotNetOpenAuth.Samples.OpenIDConnectRP", "..\samples\DotNetOpenAuth.Samples.OpenIDConnectRP\DotNetOpenAuth.Samples.OpenIDConnectRP.csproj", "{BA585F26-33DB-48B0-B2D1-8677C5A53B19}"
EndProject
Global
	GlobalSection(SolutionConfigurationPlatforms) = preSolution
		CodeAnalysis|Any CPU = CodeAnalysis|Any CPU
		Debug|Any CPU = Debug|Any CPU
		Release|Any CPU = Release|Any CPU
	EndGlobalSection
	GlobalSection(ProjectConfigurationPlatforms) = postSolution
		{4376ECC9-C346-4A99-B13C-FA93C0FBD2C9}.CodeAnalysis|Any CPU.ActiveCfg = CodeAnalysis|Any CPU
		{4376ECC9-C346-4A99-B13C-FA93C0FBD2C9}.CodeAnalysis|Any CPU.Build.0 = CodeAnalysis|Any CPU
		{4376ECC9-C346-4A99-B13C-FA93C0FBD2C9}.Debug|Any CPU.ActiveCfg = Debug|Any CPU
		{4376ECC9-C346-4A99-B13C-FA93C0FBD2C9}.Debug|Any CPU.Build.0 = Debug|Any CPU
		{4376ECC9-C346-4A99-B13C-FA93C0FBD2C9}.Release|Any CPU.ActiveCfg = Release|Any CPU
		{4376ECC9-C346-4A99-B13C-FA93C0FBD2C9}.Release|Any CPU.Build.0 = Release|Any CPU
		{AA78D112-D889-414B-A7D4-467B34C7B663}.CodeAnalysis|Any CPU.ActiveCfg = CodeAnalysis|Any CPU
		{AA78D112-D889-414B-A7D4-467B34C7B663}.CodeAnalysis|Any CPU.Build.0 = CodeAnalysis|Any CPU
		{AA78D112-D889-414B-A7D4-467B34C7B663}.Debug|Any CPU.ActiveCfg = Debug|Any CPU
		{AA78D112-D889-414B-A7D4-467B34C7B663}.Debug|Any CPU.Build.0 = Debug|Any CPU
		{AA78D112-D889-414B-A7D4-467B34C7B663}.Release|Any CPU.ActiveCfg = Release|Any CPU
		{AA78D112-D889-414B-A7D4-467B34C7B663}.Release|Any CPU.Build.0 = Release|Any CPU
		{2A59DE0A-B76A-4B42-9A33-04D34548353D}.CodeAnalysis|Any CPU.ActiveCfg = CodeAnalysis|Any CPU
		{2A59DE0A-B76A-4B42-9A33-04D34548353D}.CodeAnalysis|Any CPU.Build.0 = CodeAnalysis|Any CPU
		{2A59DE0A-B76A-4B42-9A33-04D34548353D}.Debug|Any CPU.ActiveCfg = Debug|Any CPU
		{2A59DE0A-B76A-4B42-9A33-04D34548353D}.Debug|Any CPU.Build.0 = Debug|Any CPU
		{2A59DE0A-B76A-4B42-9A33-04D34548353D}.Release|Any CPU.ActiveCfg = Release|Any CPU
		{2A59DE0A-B76A-4B42-9A33-04D34548353D}.Release|Any CPU.Build.0 = Release|Any CPU
		{AEA29D4D-396F-47F6-BC81-B58D4B855245}.CodeAnalysis|Any CPU.ActiveCfg = Debug|Any CPU
		{AEA29D4D-396F-47F6-BC81-B58D4B855245}.Debug|Any CPU.ActiveCfg = Debug|Any CPU
		{AEA29D4D-396F-47F6-BC81-B58D4B855245}.Debug|Any CPU.Build.0 = Debug|Any CPU
		{AEA29D4D-396F-47F6-BC81-B58D4B855245}.Release|Any CPU.ActiveCfg = Release|Any CPU
		{AEA29D4D-396F-47F6-BC81-B58D4B855245}.Release|Any CPU.Build.0 = Release|Any CPU
		{07B193F1-68AD-4E9C-98AF-BEFB5E9403CB}.CodeAnalysis|Any CPU.ActiveCfg = Debug|Any CPU
		{07B193F1-68AD-4E9C-98AF-BEFB5E9403CB}.Debug|Any CPU.ActiveCfg = Debug|Any CPU
		{07B193F1-68AD-4E9C-98AF-BEFB5E9403CB}.Debug|Any CPU.Build.0 = Debug|Any CPU
		{07B193F1-68AD-4E9C-98AF-BEFB5E9403CB}.Release|Any CPU.ActiveCfg = Release|Any CPU
		{07B193F1-68AD-4E9C-98AF-BEFB5E9403CB}.Release|Any CPU.Build.0 = Release|Any CPU
		{6EC36418-DBC5-4AD1-A402-413604AA7A08}.CodeAnalysis|Any CPU.ActiveCfg = CodeAnalysis|Any CPU
		{6EC36418-DBC5-4AD1-A402-413604AA7A08}.CodeAnalysis|Any CPU.Build.0 = CodeAnalysis|Any CPU
		{6EC36418-DBC5-4AD1-A402-413604AA7A08}.Debug|Any CPU.ActiveCfg = Debug|Any CPU
		{6EC36418-DBC5-4AD1-A402-413604AA7A08}.Debug|Any CPU.Build.0 = Debug|Any CPU
		{6EC36418-DBC5-4AD1-A402-413604AA7A08}.Release|Any CPU.ActiveCfg = Release|Any CPU
		{6EC36418-DBC5-4AD1-A402-413604AA7A08}.Release|Any CPU.Build.0 = Release|Any CPU
		{5C65603B-235F-47E6-B536-06385C60DE7F}.CodeAnalysis|Any CPU.ActiveCfg = Debug|Any CPU
		{5C65603B-235F-47E6-B536-06385C60DE7F}.Debug|Any CPU.ActiveCfg = Debug|Any CPU
		{5C65603B-235F-47E6-B536-06385C60DE7F}.Debug|Any CPU.Build.0 = Debug|Any CPU
		{5C65603B-235F-47E6-B536-06385C60DE7F}.Release|Any CPU.ActiveCfg = Release|Any CPU
		{5C65603B-235F-47E6-B536-06385C60DE7F}.Release|Any CPU.Build.0 = Release|Any CPU
		{B64A1E7E-6A15-4B91-AF13-7D48F7DA5942}.CodeAnalysis|Any CPU.ActiveCfg = Debug|Any CPU
		{B64A1E7E-6A15-4B91-AF13-7D48F7DA5942}.Debug|Any CPU.ActiveCfg = Debug|Any CPU
		{B64A1E7E-6A15-4B91-AF13-7D48F7DA5942}.Debug|Any CPU.Build.0 = Debug|Any CPU
		{B64A1E7E-6A15-4B91-AF13-7D48F7DA5942}.Release|Any CPU.ActiveCfg = Release|Any CPU
		{B64A1E7E-6A15-4B91-AF13-7D48F7DA5942}.Release|Any CPU.Build.0 = Release|Any CPU
		{0B4EB2A8-283D-48FB-BCD0-85B8DFFE05E4}.CodeAnalysis|Any CPU.ActiveCfg = Debug|Any CPU
		{0B4EB2A8-283D-48FB-BCD0-85B8DFFE05E4}.Debug|Any CPU.ActiveCfg = Debug|Any CPU
		{0B4EB2A8-283D-48FB-BCD0-85B8DFFE05E4}.Debug|Any CPU.Build.0 = Debug|Any CPU
		{0B4EB2A8-283D-48FB-BCD0-85B8DFFE05E4}.Release|Any CPU.ActiveCfg = Release|Any CPU
		{0B4EB2A8-283D-48FB-BCD0-85B8DFFE05E4}.Release|Any CPU.Build.0 = Release|Any CPU
		{9529606E-AF76-4387-BFB7-3D10A5B399AA}.CodeAnalysis|Any CPU.ActiveCfg = Debug|Any CPU
		{9529606E-AF76-4387-BFB7-3D10A5B399AA}.Debug|Any CPU.ActiveCfg = Debug|Any CPU
		{9529606E-AF76-4387-BFB7-3D10A5B399AA}.Debug|Any CPU.Build.0 = Debug|Any CPU
		{9529606E-AF76-4387-BFB7-3D10A5B399AA}.Release|Any CPU.ActiveCfg = Release|Any CPU
		{9529606E-AF76-4387-BFB7-3D10A5B399AA}.Release|Any CPU.Build.0 = Release|Any CPU
		{E135F455-0669-49F8-9207-07FCA8C8FC79}.CodeAnalysis|Any CPU.ActiveCfg = Debug|Any CPU
		{E135F455-0669-49F8-9207-07FCA8C8FC79}.Debug|Any CPU.ActiveCfg = Debug|Any CPU
		{E135F455-0669-49F8-9207-07FCA8C8FC79}.Debug|Any CPU.Build.0 = Debug|Any CPU
		{E135F455-0669-49F8-9207-07FCA8C8FC79}.Release|Any CPU.ActiveCfg = Release|Any CPU
		{E135F455-0669-49F8-9207-07FCA8C8FC79}.Release|Any CPU.Build.0 = Release|Any CPU
		{C78E8235-1D46-43EB-A912-80B522C4E9AE}.CodeAnalysis|Any CPU.ActiveCfg = Debug|Any CPU
		{C78E8235-1D46-43EB-A912-80B522C4E9AE}.Debug|Any CPU.ActiveCfg = Debug|Any CPU
		{C78E8235-1D46-43EB-A912-80B522C4E9AE}.Debug|Any CPU.Build.0 = Debug|Any CPU
		{C78E8235-1D46-43EB-A912-80B522C4E9AE}.Release|Any CPU.ActiveCfg = Release|Any CPU
		{C78E8235-1D46-43EB-A912-80B522C4E9AE}.Release|Any CPU.Build.0 = Release|Any CPU
		{60426312-6AE5-4835-8667-37EDEA670222}.CodeAnalysis|Any CPU.ActiveCfg = CodeAnalysis|Any CPU
		{60426312-6AE5-4835-8667-37EDEA670222}.CodeAnalysis|Any CPU.Build.0 = CodeAnalysis|Any CPU
		{60426312-6AE5-4835-8667-37EDEA670222}.Debug|Any CPU.ActiveCfg = Debug|Any CPU
		{60426312-6AE5-4835-8667-37EDEA670222}.Debug|Any CPU.Build.0 = Debug|Any CPU
		{60426312-6AE5-4835-8667-37EDEA670222}.Release|Any CPU.ActiveCfg = Release|Any CPU
		{60426312-6AE5-4835-8667-37EDEA670222}.Release|Any CPU.Build.0 = Release|Any CPU
		{3896A32A-E876-4C23-B9B8-78E17D134CD3}.CodeAnalysis|Any CPU.ActiveCfg = CodeAnalysis|Any CPU
		{3896A32A-E876-4C23-B9B8-78E17D134CD3}.CodeAnalysis|Any CPU.Build.0 = CodeAnalysis|Any CPU
		{3896A32A-E876-4C23-B9B8-78E17D134CD3}.Debug|Any CPU.ActiveCfg = Debug|Any CPU
		{3896A32A-E876-4C23-B9B8-78E17D134CD3}.Debug|Any CPU.Build.0 = Debug|Any CPU
		{3896A32A-E876-4C23-B9B8-78E17D134CD3}.Release|Any CPU.ActiveCfg = Release|Any CPU
		{3896A32A-E876-4C23-B9B8-78E17D134CD3}.Release|Any CPU.Build.0 = Release|Any CPU
		{A288FCC8-6FCF-46DA-A45E-5F9281556361}.CodeAnalysis|Any CPU.ActiveCfg = CodeAnalysis|Any CPU
		{A288FCC8-6FCF-46DA-A45E-5F9281556361}.CodeAnalysis|Any CPU.Build.0 = CodeAnalysis|Any CPU
		{A288FCC8-6FCF-46DA-A45E-5F9281556361}.Debug|Any CPU.ActiveCfg = Debug|Any CPU
		{A288FCC8-6FCF-46DA-A45E-5F9281556361}.Debug|Any CPU.Build.0 = Debug|Any CPU
		{A288FCC8-6FCF-46DA-A45E-5F9281556361}.Release|Any CPU.ActiveCfg = Release|Any CPU
		{A288FCC8-6FCF-46DA-A45E-5F9281556361}.Release|Any CPU.Build.0 = Release|Any CPU
		{56459A6C-6BA2-4BAC-A9C0-27E3BD961FA6}.CodeAnalysis|Any CPU.ActiveCfg = CodeAnalysis|Any CPU
		{56459A6C-6BA2-4BAC-A9C0-27E3BD961FA6}.CodeAnalysis|Any CPU.Build.0 = CodeAnalysis|Any CPU
		{56459A6C-6BA2-4BAC-A9C0-27E3BD961FA6}.Debug|Any CPU.ActiveCfg = Debug|Any CPU
		{56459A6C-6BA2-4BAC-A9C0-27E3BD961FA6}.Debug|Any CPU.Build.0 = Debug|Any CPU
		{56459A6C-6BA2-4BAC-A9C0-27E3BD961FA6}.Release|Any CPU.ActiveCfg = Release|Any CPU
		{56459A6C-6BA2-4BAC-A9C0-27E3BD961FA6}.Release|Any CPU.Build.0 = Release|Any CPU
		{F8284738-3B5D-4733-A511-38C23F4A763F}.CodeAnalysis|Any CPU.ActiveCfg = CodeAnalysis|Any CPU
		{F8284738-3B5D-4733-A511-38C23F4A763F}.CodeAnalysis|Any CPU.Build.0 = CodeAnalysis|Any CPU
		{F8284738-3B5D-4733-A511-38C23F4A763F}.Debug|Any CPU.ActiveCfg = Debug|Any CPU
		{F8284738-3B5D-4733-A511-38C23F4A763F}.Debug|Any CPU.Build.0 = Debug|Any CPU
		{F8284738-3B5D-4733-A511-38C23F4A763F}.Release|Any CPU.ActiveCfg = Release|Any CPU
		{F8284738-3B5D-4733-A511-38C23F4A763F}.Release|Any CPU.Build.0 = Release|Any CPU
		{F458AB60-BA1C-43D9-8CEF-EC01B50BE87B}.CodeAnalysis|Any CPU.ActiveCfg = CodeAnalysis|Any CPU
		{F458AB60-BA1C-43D9-8CEF-EC01B50BE87B}.CodeAnalysis|Any CPU.Build.0 = CodeAnalysis|Any CPU
		{F458AB60-BA1C-43D9-8CEF-EC01B50BE87B}.Debug|Any CPU.ActiveCfg = Debug|Any CPU
		{F458AB60-BA1C-43D9-8CEF-EC01B50BE87B}.Debug|Any CPU.Build.0 = Debug|Any CPU
		{F458AB60-BA1C-43D9-8CEF-EC01B50BE87B}.Release|Any CPU.ActiveCfg = Release|Any CPU
		{F458AB60-BA1C-43D9-8CEF-EC01B50BE87B}.Release|Any CPU.Build.0 = Release|Any CPU
		{F4CD3C04-6037-4946-B7A5-34BFC96A75D2}.CodeAnalysis|Any CPU.ActiveCfg = CodeAnalysis|Any CPU
		{F4CD3C04-6037-4946-B7A5-34BFC96A75D2}.CodeAnalysis|Any CPU.Build.0 = CodeAnalysis|Any CPU
		{F4CD3C04-6037-4946-B7A5-34BFC96A75D2}.Debug|Any CPU.ActiveCfg = Debug|Any CPU
		{F4CD3C04-6037-4946-B7A5-34BFC96A75D2}.Debug|Any CPU.Build.0 = Debug|Any CPU
		{F4CD3C04-6037-4946-B7A5-34BFC96A75D2}.Release|Any CPU.ActiveCfg = Release|Any CPU
		{F4CD3C04-6037-4946-B7A5-34BFC96A75D2}.Release|Any CPU.Build.0 = Release|Any CPU
		{26DC877F-5987-48DD-9DDB-E62F2DE0E150}.CodeAnalysis|Any CPU.ActiveCfg = CodeAnalysis|Any CPU
		{26DC877F-5987-48DD-9DDB-E62F2DE0E150}.CodeAnalysis|Any CPU.Build.0 = CodeAnalysis|Any CPU
		{26DC877F-5987-48DD-9DDB-E62F2DE0E150}.Debug|Any CPU.ActiveCfg = Debug|Any CPU
		{26DC877F-5987-48DD-9DDB-E62F2DE0E150}.Debug|Any CPU.Build.0 = Debug|Any CPU
		{26DC877F-5987-48DD-9DDB-E62F2DE0E150}.Release|Any CPU.ActiveCfg = Release|Any CPU
		{26DC877F-5987-48DD-9DDB-E62F2DE0E150}.Release|Any CPU.Build.0 = Release|Any CPU
		{1ED8D424-F8AB-4050-ACEB-F27F4F909484}.CodeAnalysis|Any CPU.ActiveCfg = CodeAnalysis|Any CPU
		{1ED8D424-F8AB-4050-ACEB-F27F4F909484}.CodeAnalysis|Any CPU.Build.0 = CodeAnalysis|Any CPU
		{1ED8D424-F8AB-4050-ACEB-F27F4F909484}.Debug|Any CPU.ActiveCfg = Debug|Any CPU
		{1ED8D424-F8AB-4050-ACEB-F27F4F909484}.Debug|Any CPU.Build.0 = Debug|Any CPU
		{1ED8D424-F8AB-4050-ACEB-F27F4F909484}.Release|Any CPU.ActiveCfg = Release|Any CPU
		{1ED8D424-F8AB-4050-ACEB-F27F4F909484}.Release|Any CPU.Build.0 = Release|Any CPU
		{9D0F8866-2131-4C2A-BC0E-16FEA5B50828}.CodeAnalysis|Any CPU.ActiveCfg = CodeAnalysis|Any CPU
		{9D0F8866-2131-4C2A-BC0E-16FEA5B50828}.CodeAnalysis|Any CPU.Build.0 = CodeAnalysis|Any CPU
		{9D0F8866-2131-4C2A-BC0E-16FEA5B50828}.Debug|Any CPU.ActiveCfg = Debug|Any CPU
		{9D0F8866-2131-4C2A-BC0E-16FEA5B50828}.Debug|Any CPU.Build.0 = Debug|Any CPU
		{9D0F8866-2131-4C2A-BC0E-16FEA5B50828}.Release|Any CPU.ActiveCfg = Release|Any CPU
		{9D0F8866-2131-4C2A-BC0E-16FEA5B50828}.Release|Any CPU.Build.0 = Release|Any CPU
		{75E13AAE-7D51-4421-ABFD-3F3DC91F576E}.CodeAnalysis|Any CPU.ActiveCfg = CodeAnalysis|Any CPU
		{75E13AAE-7D51-4421-ABFD-3F3DC91F576E}.CodeAnalysis|Any CPU.Build.0 = CodeAnalysis|Any CPU
		{75E13AAE-7D51-4421-ABFD-3F3DC91F576E}.Debug|Any CPU.ActiveCfg = Debug|Any CPU
		{75E13AAE-7D51-4421-ABFD-3F3DC91F576E}.Debug|Any CPU.Build.0 = Debug|Any CPU
		{75E13AAE-7D51-4421-ABFD-3F3DC91F576E}.Release|Any CPU.ActiveCfg = Release|Any CPU
		{75E13AAE-7D51-4421-ABFD-3F3DC91F576E}.Release|Any CPU.Build.0 = Release|Any CPU
		{173E7B8D-E751-46E2-A133-F72297C0D2F4}.CodeAnalysis|Any CPU.ActiveCfg = CodeAnalysis|Any CPU
		{173E7B8D-E751-46E2-A133-F72297C0D2F4}.CodeAnalysis|Any CPU.Build.0 = CodeAnalysis|Any CPU
		{173E7B8D-E751-46E2-A133-F72297C0D2F4}.Debug|Any CPU.ActiveCfg = Debug|Any CPU
		{173E7B8D-E751-46E2-A133-F72297C0D2F4}.Debug|Any CPU.Build.0 = Debug|Any CPU
		{173E7B8D-E751-46E2-A133-F72297C0D2F4}.Release|Any CPU.ActiveCfg = Release|Any CPU
		{173E7B8D-E751-46E2-A133-F72297C0D2F4}.Release|Any CPU.Build.0 = Release|Any CPU
		{B202E40D-4663-4A2B-ACDA-865F88FF7CAA}.CodeAnalysis|Any CPU.ActiveCfg = CodeAnalysis|Any CPU
		{B202E40D-4663-4A2B-ACDA-865F88FF7CAA}.CodeAnalysis|Any CPU.Build.0 = CodeAnalysis|Any CPU
		{B202E40D-4663-4A2B-ACDA-865F88FF7CAA}.Debug|Any CPU.ActiveCfg = Debug|Any CPU
		{B202E40D-4663-4A2B-ACDA-865F88FF7CAA}.Debug|Any CPU.Build.0 = Debug|Any CPU
		{B202E40D-4663-4A2B-ACDA-865F88FF7CAA}.Release|Any CPU.ActiveCfg = Release|Any CPU
		{B202E40D-4663-4A2B-ACDA-865F88FF7CAA}.Release|Any CPU.Build.0 = Release|Any CPU
		{FED1923A-6D70-49B5-A37A-FB744FEC1C86}.CodeAnalysis|Any CPU.ActiveCfg = CodeAnalysis|Any CPU
		{FED1923A-6D70-49B5-A37A-FB744FEC1C86}.CodeAnalysis|Any CPU.Build.0 = CodeAnalysis|Any CPU
		{FED1923A-6D70-49B5-A37A-FB744FEC1C86}.Debug|Any CPU.ActiveCfg = Debug|Any CPU
		{FED1923A-6D70-49B5-A37A-FB744FEC1C86}.Debug|Any CPU.Build.0 = Debug|Any CPU
		{FED1923A-6D70-49B5-A37A-FB744FEC1C86}.Release|Any CPU.ActiveCfg = Release|Any CPU
		{FED1923A-6D70-49B5-A37A-FB744FEC1C86}.Release|Any CPU.Build.0 = Release|Any CPU
		{99BB7543-EA16-43EE-A7BC-D7A25A3B22F6}.CodeAnalysis|Any CPU.ActiveCfg = CodeAnalysis|Any CPU
		{99BB7543-EA16-43EE-A7BC-D7A25A3B22F6}.CodeAnalysis|Any CPU.Build.0 = CodeAnalysis|Any CPU
		{99BB7543-EA16-43EE-A7BC-D7A25A3B22F6}.Debug|Any CPU.ActiveCfg = Debug|Any CPU
		{99BB7543-EA16-43EE-A7BC-D7A25A3B22F6}.Debug|Any CPU.Build.0 = Debug|Any CPU
		{99BB7543-EA16-43EE-A7BC-D7A25A3B22F6}.Release|Any CPU.ActiveCfg = Release|Any CPU
		{99BB7543-EA16-43EE-A7BC-D7A25A3B22F6}.Release|Any CPU.Build.0 = Release|Any CPU
		{CDEDD439-7F35-4E6E-8605-4E70BDC4CC99}.CodeAnalysis|Any CPU.ActiveCfg = CodeAnalysis|Any CPU
		{CDEDD439-7F35-4E6E-8605-4E70BDC4CC99}.CodeAnalysis|Any CPU.Build.0 = CodeAnalysis|Any CPU
		{CDEDD439-7F35-4E6E-8605-4E70BDC4CC99}.Debug|Any CPU.ActiveCfg = Debug|Any CPU
		{CDEDD439-7F35-4E6E-8605-4E70BDC4CC99}.Debug|Any CPU.Build.0 = Debug|Any CPU
		{CDEDD439-7F35-4E6E-8605-4E70BDC4CC99}.Release|Any CPU.ActiveCfg = Release|Any CPU
		{CDEDD439-7F35-4E6E-8605-4E70BDC4CC99}.Release|Any CPU.Build.0 = Release|Any CPU
		{A1A3150A-7B0E-4A34-8E35-045296CD3C76}.CodeAnalysis|Any CPU.ActiveCfg = CodeAnalysis|Any CPU
		{A1A3150A-7B0E-4A34-8E35-045296CD3C76}.CodeAnalysis|Any CPU.Build.0 = CodeAnalysis|Any CPU
		{A1A3150A-7B0E-4A34-8E35-045296CD3C76}.Debug|Any CPU.ActiveCfg = Debug|Any CPU
		{A1A3150A-7B0E-4A34-8E35-045296CD3C76}.Debug|Any CPU.Build.0 = Debug|Any CPU
		{A1A3150A-7B0E-4A34-8E35-045296CD3C76}.Release|Any CPU.ActiveCfg = Release|Any CPU
		{A1A3150A-7B0E-4A34-8E35-045296CD3C76}.Release|Any CPU.Build.0 = Release|Any CPU
		{ADC2CC8C-541E-4F86-ACB1-DD504A36FA4B}.CodeAnalysis|Any CPU.ActiveCfg = CodeAnalysis|Any CPU
		{ADC2CC8C-541E-4F86-ACB1-DD504A36FA4B}.CodeAnalysis|Any CPU.Build.0 = CodeAnalysis|Any CPU
		{ADC2CC8C-541E-4F86-ACB1-DD504A36FA4B}.Debug|Any CPU.ActiveCfg = Debug|Any CPU
		{ADC2CC8C-541E-4F86-ACB1-DD504A36FA4B}.Debug|Any CPU.Build.0 = Debug|Any CPU
		{ADC2CC8C-541E-4F86-ACB1-DD504A36FA4B}.Release|Any CPU.ActiveCfg = Release|Any CPU
		{ADC2CC8C-541E-4F86-ACB1-DD504A36FA4B}.Release|Any CPU.Build.0 = Release|Any CPU
		{2BF1FFD1-607E-40D0-8AB5-EDA677EF932D}.CodeAnalysis|Any CPU.ActiveCfg = Debug|Any CPU
		{2BF1FFD1-607E-40D0-8AB5-EDA677EF932D}.Debug|Any CPU.ActiveCfg = Debug|Any CPU
		{2BF1FFD1-607E-40D0-8AB5-EDA677EF932D}.Debug|Any CPU.Build.0 = Debug|Any CPU
		{2BF1FFD1-607E-40D0-8AB5-EDA677EF932D}.Release|Any CPU.ActiveCfg = Release|Any CPU
		{2BF1FFD1-607E-40D0-8AB5-EDA677EF932D}.Release|Any CPU.Build.0 = Release|Any CPU
		{CAA2408C-6918-4902-A512-58BCD62216C3}.CodeAnalysis|Any CPU.ActiveCfg = Debug|Any CPU
		{CAA2408C-6918-4902-A512-58BCD62216C3}.Debug|Any CPU.ActiveCfg = Debug|Any CPU
		{CAA2408C-6918-4902-A512-58BCD62216C3}.Debug|Any CPU.Build.0 = Debug|Any CPU
		{CAA2408C-6918-4902-A512-58BCD62216C3}.Release|Any CPU.ActiveCfg = Release|Any CPU
		{CAA2408C-6918-4902-A512-58BCD62216C3}.Release|Any CPU.Build.0 = Release|Any CPU
		{4BFAA336-5DF3-4F27-82D3-06D13240E8AB}.CodeAnalysis|Any CPU.ActiveCfg = CodeAnalysis|Any CPU
		{4BFAA336-5DF3-4F27-82D3-06D13240E8AB}.CodeAnalysis|Any CPU.Build.0 = CodeAnalysis|Any CPU
		{4BFAA336-5DF3-4F27-82D3-06D13240E8AB}.Debug|Any CPU.ActiveCfg = Debug|Any CPU
		{4BFAA336-5DF3-4F27-82D3-06D13240E8AB}.Debug|Any CPU.Build.0 = Debug|Any CPU
		{4BFAA336-5DF3-4F27-82D3-06D13240E8AB}.Release|Any CPU.ActiveCfg = Release|Any CPU
		{4BFAA336-5DF3-4F27-82D3-06D13240E8AB}.Release|Any CPU.Build.0 = Release|Any CPU
		{115217C5-22CD-415C-A292-0DD0238CDD89}.CodeAnalysis|Any CPU.ActiveCfg = CodeAnalysis|Any CPU
		{115217C5-22CD-415C-A292-0DD0238CDD89}.CodeAnalysis|Any CPU.Build.0 = CodeAnalysis|Any CPU
		{115217C5-22CD-415C-A292-0DD0238CDD89}.Debug|Any CPU.ActiveCfg = Debug|Any CPU
		{115217C5-22CD-415C-A292-0DD0238CDD89}.Debug|Any CPU.Build.0 = Debug|Any CPU
		{115217C5-22CD-415C-A292-0DD0238CDD89}.Release|Any CPU.ActiveCfg = Release|Any CPU
		{115217C5-22CD-415C-A292-0DD0238CDD89}.Release|Any CPU.Build.0 = Release|Any CPU
		{CCF3728A-B3D7-404A-9BC6-75197135F2D7}.CodeAnalysis|Any CPU.ActiveCfg = CodeAnalysis|Any CPU
		{CCF3728A-B3D7-404A-9BC6-75197135F2D7}.CodeAnalysis|Any CPU.Build.0 = CodeAnalysis|Any CPU
		{CCF3728A-B3D7-404A-9BC6-75197135F2D7}.Debug|Any CPU.ActiveCfg = Debug|Any CPU
		{CCF3728A-B3D7-404A-9BC6-75197135F2D7}.Debug|Any CPU.Build.0 = Debug|Any CPU
		{CCF3728A-B3D7-404A-9BC6-75197135F2D7}.Release|Any CPU.ActiveCfg = Release|Any CPU
		{CCF3728A-B3D7-404A-9BC6-75197135F2D7}.Release|Any CPU.Build.0 = Release|Any CPU
		{58A3721F-5B5C-4CA7-BE39-91640B5B4924}.CodeAnalysis|Any CPU.ActiveCfg = Release|Any CPU
		{58A3721F-5B5C-4CA7-BE39-91640B5B4924}.CodeAnalysis|Any CPU.Build.0 = Release|Any CPU
		{58A3721F-5B5C-4CA7-BE39-91640B5B4924}.Debug|Any CPU.ActiveCfg = Debug|Any CPU
		{58A3721F-5B5C-4CA7-BE39-91640B5B4924}.Debug|Any CPU.Build.0 = Debug|Any CPU
		{58A3721F-5B5C-4CA7-BE39-91640B5B4924}.Release|Any CPU.ActiveCfg = Release|Any CPU
		{58A3721F-5B5C-4CA7-BE39-91640B5B4924}.Release|Any CPU.Build.0 = Release|Any CPU
		{9D308EF2-2712-4F83-A14C-18BF08D45526}.CodeAnalysis|Any CPU.ActiveCfg = Release|Any CPU
		{9D308EF2-2712-4F83-A14C-18BF08D45526}.CodeAnalysis|Any CPU.Build.0 = Release|Any CPU
		{9D308EF2-2712-4F83-A14C-18BF08D45526}.Debug|Any CPU.ActiveCfg = Debug|Any CPU
		{9D308EF2-2712-4F83-A14C-18BF08D45526}.Debug|Any CPU.Build.0 = Debug|Any CPU
		{9D308EF2-2712-4F83-A14C-18BF08D45526}.Release|Any CPU.ActiveCfg = Release|Any CPU
		{9D308EF2-2712-4F83-A14C-18BF08D45526}.Release|Any CPU.Build.0 = Release|Any CPU
		{BA585F26-33DB-48B0-B2D1-8677C5A53B19}.CodeAnalysis|Any CPU.ActiveCfg = Release|Any CPU
		{BA585F26-33DB-48B0-B2D1-8677C5A53B19}.CodeAnalysis|Any CPU.Build.0 = Release|Any CPU
		{BA585F26-33DB-48B0-B2D1-8677C5A53B19}.Debug|Any CPU.ActiveCfg = Debug|Any CPU
		{BA585F26-33DB-48B0-B2D1-8677C5A53B19}.Debug|Any CPU.Build.0 = Debug|Any CPU
		{BA585F26-33DB-48B0-B2D1-8677C5A53B19}.Release|Any CPU.ActiveCfg = Release|Any CPU
		{BA585F26-33DB-48B0-B2D1-8677C5A53B19}.Release|Any CPU.Build.0 = Release|Any CPU
	EndGlobalSection
	GlobalSection(SolutionProperties) = preSolution
		HideSolutionNode = FALSE
	EndGlobalSection
	GlobalSection(NestedProjects) = preSolution
		{CD57219F-24F4-4136-8741-6063D0D7A031} = {20B5E173-C3C4-49F8-BD25-E69044075B4D}
		{034D5B5B-7D00-4A9D-8AFE-4A476E0575B1} = {B4C6F647-C046-4B54-BE12-7701C4119EE7}
		{1E2CBAA5-60A3-4AED-912E-541F5753CDC6} = {B4C6F647-C046-4B54-BE12-7701C4119EE7}
		{C7EF1823-3AA7-477E-8476-28929F5C05D2} = {8D4236F7-C49B-49D3-BA71-6B86C9514BDE}
		{9AF74F53-10F5-49A2-B747-87B97CD559D3} = {8D4236F7-C49B-49D3-BA71-6B86C9514BDE}
		{238B6BA8-AD99-43C9-B8E2-D2BCE6CE04DC} = {8D4236F7-C49B-49D3-BA71-6B86C9514BDE}
		{57A7DD35-666C-4FA3-9A1B-38961E50CA27} = {8D4236F7-C49B-49D3-BA71-6B86C9514BDE}
		{2DA24D4F-6918-43CF-973C-BC9D818F8E90} = {B4C6F647-C046-4B54-BE12-7701C4119EE7}
		{AA78D112-D889-414B-A7D4-467B34C7B663} = {B4C6F647-C046-4B54-BE12-7701C4119EE7}
		{2A59DE0A-B76A-4B42-9A33-04D34548353D} = {034D5B5B-7D00-4A9D-8AFE-4A476E0575B1}
		{AEA29D4D-396F-47F6-BC81-B58D4B855245} = {034D5B5B-7D00-4A9D-8AFE-4A476E0575B1}
		{07B193F1-68AD-4E9C-98AF-BEFB5E9403CB} = {034D5B5B-7D00-4A9D-8AFE-4A476E0575B1}
		{6EC36418-DBC5-4AD1-A402-413604AA7A08} = {1E2CBAA5-60A3-4AED-912E-541F5753CDC6}
		{5C65603B-235F-47E6-B536-06385C60DE7F} = {E9ED920D-1F83-48C0-9A4B-09CCE505FE6D}
		{B64A1E7E-6A15-4B91-AF13-7D48F7DA5942} = {034D5B5B-7D00-4A9D-8AFE-4A476E0575B1}
		{0B4EB2A8-283D-48FB-BCD0-85B8DFFE05E4} = {034D5B5B-7D00-4A9D-8AFE-4A476E0575B1}
		{9529606E-AF76-4387-BFB7-3D10A5B399AA} = {1E2CBAA5-60A3-4AED-912E-541F5753CDC6}
		{E135F455-0669-49F8-9207-07FCA8C8FC79} = {1E2CBAA5-60A3-4AED-912E-541F5753CDC6}
		{C78E8235-1D46-43EB-A912-80B522C4E9AE} = {1E2CBAA5-60A3-4AED-912E-541F5753CDC6}
		{60426312-6AE5-4835-8667-37EDEA670222} = {8D4236F7-C49B-49D3-BA71-6B86C9514BDE}
		{3896A32A-E876-4C23-B9B8-78E17D134CD3} = {C7EF1823-3AA7-477E-8476-28929F5C05D2}
		{A288FCC8-6FCF-46DA-A45E-5F9281556361} = {9AF74F53-10F5-49A2-B747-87B97CD559D3}
		{56459A6C-6BA2-4BAC-A9C0-27E3BD961FA6} = {238B6BA8-AD99-43C9-B8E2-D2BCE6CE04DC}
		{F8284738-3B5D-4733-A511-38C23F4A763F} = {C7EF1823-3AA7-477E-8476-28929F5C05D2}
		{F458AB60-BA1C-43D9-8CEF-EC01B50BE87B} = {C7EF1823-3AA7-477E-8476-28929F5C05D2}
		{F4CD3C04-6037-4946-B7A5-34BFC96A75D2} = {C7EF1823-3AA7-477E-8476-28929F5C05D2}
		{26DC877F-5987-48DD-9DDB-E62F2DE0E150} = {C7EF1823-3AA7-477E-8476-28929F5C05D2}
		{1ED8D424-F8AB-4050-ACEB-F27F4F909484} = {C7EF1823-3AA7-477E-8476-28929F5C05D2}
		{9D0F8866-2131-4C2A-BC0E-16FEA5B50828} = {C7EF1823-3AA7-477E-8476-28929F5C05D2}
		{75E13AAE-7D51-4421-ABFD-3F3DC91F576E} = {C7EF1823-3AA7-477E-8476-28929F5C05D2}
		{173E7B8D-E751-46E2-A133-F72297C0D2F4} = {8D4236F7-C49B-49D3-BA71-6B86C9514BDE}
		{B202E40D-4663-4A2B-ACDA-865F88FF7CAA} = {9AF74F53-10F5-49A2-B747-87B97CD559D3}
		{FED1923A-6D70-49B5-A37A-FB744FEC1C86} = {9AF74F53-10F5-49A2-B747-87B97CD559D3}
		{99BB7543-EA16-43EE-A7BC-D7A25A3B22F6} = {238B6BA8-AD99-43C9-B8E2-D2BCE6CE04DC}
		{CDEDD439-7F35-4E6E-8605-4E70BDC4CC99} = {238B6BA8-AD99-43C9-B8E2-D2BCE6CE04DC}
		{A1A3150A-7B0E-4A34-8E35-045296CD3C76} = {238B6BA8-AD99-43C9-B8E2-D2BCE6CE04DC}
		{ADC2CC8C-541E-4F86-ACB1-DD504A36FA4B} = {238B6BA8-AD99-43C9-B8E2-D2BCE6CE04DC}
		{2BF1FFD1-607E-40D0-8AB5-EDA677EF932D} = {2DA24D4F-6918-43CF-973C-BC9D818F8E90}
		{CAA2408C-6918-4902-A512-58BCD62216C3} = {2DA24D4F-6918-43CF-973C-BC9D818F8E90}
		{4BFAA336-5DF3-4F27-82D3-06D13240E8AB} = {57A7DD35-666C-4FA3-9A1B-38961E50CA27}
		{115217C5-22CD-415C-A292-0DD0238CDD89} = {8D4236F7-C49B-49D3-BA71-6B86C9514BDE}
		{CCF3728A-B3D7-404A-9BC6-75197135F2D7} = {238B6BA8-AD99-43C9-B8E2-D2BCE6CE04DC}
		{58A3721F-5B5C-4CA7-BE39-91640B5B4924} = {1E2CBAA5-60A3-4AED-912E-541F5753CDC6}
		{9D308EF2-2712-4F83-A14C-18BF08D45526} = {8D4236F7-C49B-49D3-BA71-6B86C9514BDE}
		{C3CDBD4D-DB45-4B42-9439-9EFD9A4F84A3} = {B4C6F647-C046-4B54-BE12-7701C4119EE7}
		{BA585F26-33DB-48B0-B2D1-8677C5A53B19} = {C3CDBD4D-DB45-4B42-9439-9EFD9A4F84A3}
	EndGlobalSection
EndGlobal
