
Microsoft Visual Studio Solution File, Format Version 11.00
# Visual Studio 2010
Project("{2150E333-8FDC-42A3-9474-1A3956D46DE8}") = "Solution Items", "Solution Items", "{20B5E173-C3C4-49F8-BD25-E69044075B4D}"
	ProjectSection(SolutionItems) = preProject
		..\build.proj = ..\build.proj
		..\projecttemplates\DotNetOpenAuth Starter Kits.vscontent = ..\projecttemplates\DotNetOpenAuth Starter Kits.vscontent
		..\LICENSE.txt = ..\LICENSE.txt
		..\doc\README.Bin.html = ..\doc\README.Bin.html
		..\doc\README.html = ..\doc\README.html
		..\samples\README.html = ..\samples\README.html
		..\nuget\content\web.config.transform = ..\nuget\content\web.config.transform
	EndProjectSection
EndProject
Project("{2150E333-8FDC-42A3-9474-1A3956D46DE8}") = "Specs", "Specs", "{CD57219F-24F4-4136-8741-6063D0D7A031}"
	ProjectSection(SolutionItems) = preProject
		..\doc\specs\draft-ietf-oauth.html = ..\doc\specs\draft-ietf-oauth.html
		..\doc\specs\ICAM_OpenID20Profile.pdf = ..\doc\specs\ICAM_OpenID20Profile.pdf
		..\doc\specs\OAuth Core 1.0.htm = ..\doc\specs\OAuth Core 1.0.htm
		..\doc\specs\OAuth Core 1.0a (Draft 3).htm = ..\doc\specs\OAuth Core 1.0a (Draft 3).htm
		..\doc\specs\OpenID OAuth Extension.htm = ..\doc\specs\OpenID OAuth Extension.htm
		..\doc\specs\openid-attribute-exchange-1_0.html = ..\doc\specs\openid-attribute-exchange-1_0.html
		..\doc\specs\openid-authentication-1_1.html = ..\doc\specs\openid-authentication-1_1.html
		..\doc\specs\openid-authentication-2_0.html = ..\doc\specs\openid-authentication-2_0.html
		..\doc\specs\openid-provider-authentication-policy-extension-1_0-02.html = ..\doc\specs\openid-provider-authentication-policy-extension-1_0-02.html
		..\doc\specs\openid-simple-registration-extension-1_0.html = ..\doc\specs\openid-simple-registration-extension-1_0.html
		..\doc\specs\openid_ui_extension_draft01.html = ..\doc\specs\openid_ui_extension_draft01.html
	EndProjectSection
EndProject
Project("{2150E333-8FDC-42A3-9474-1A3956D46DE8}") = "Samples", "Samples", "{B4C6F647-C046-4B54-BE12-7701C4119EE7}"
EndProject
Project("{2150E333-8FDC-42A3-9474-1A3956D46DE8}") = "OpenID", "OpenID", "{034D5B5B-7D00-4A9D-8AFE-4A476E0575B1}"
EndProject
Project("{2150E333-8FDC-42A3-9474-1A3956D46DE8}") = "OAuth", "OAuth", "{1E2CBAA5-60A3-4AED-912E-541F5753CDC6}"
EndProject
Project("{2150E333-8FDC-42A3-9474-1A3956D46DE8}") = "InfoCard", "InfoCard", "{8A5CEDB9-7F8A-4BE2-A1B9-97130F453277}"
EndProject
Project("{2150E333-8FDC-42A3-9474-1A3956D46DE8}") = "Tools", "Tools", "{E9ED920D-1F83-48C0-9A4B-09CCE505FE6D}"
EndProject
Project("{2150E333-8FDC-42A3-9474-1A3956D46DE8}") = "Project Templates", "Project Templates", "{B9EB8729-4B54-4453-B089-FE6761BA3057}"
EndProject
Project("{FAE04EC0-301F-11D3-BF4B-00C04F79EFBC}") = "DotNetOpenAuth", "DotNetOpenAuth\DotNetOpenAuth.csproj", "{3191B653-F76D-4C1A-9A5A-347BC3AAAAB7}"
EndProject
Project("{FAE04EC0-301F-11D3-BF4B-00C04F79EFBC}") = "DotNetOpenAuth.Test", "DotNetOpenAuth.Test\DotNetOpenAuth.Test.csproj", "{4376ECC9-C346-4A99-B13C-FA93C0FBD2C9}"
EndProject
Project("{FAE04EC0-301F-11D3-BF4B-00C04F79EFBC}") = "DotNetOpenAuth.ApplicationBlock", "..\samples\DotNetOpenAuth.ApplicationBlock\DotNetOpenAuth.ApplicationBlock.csproj", "{AA78D112-D889-414B-A7D4-467B34C7B663}"
EndProject
Project("{E24C65DC-7377-472B-9ABA-BC803B73C61A}") = "DotNetOpenAuth.TestWeb", "DotNetOpenAuth.TestWeb\", "{47A84EF7-68C3-4D47-926A-9CCEA6518531}"
	ProjectSection(WebsiteProperties) = preProject
		TargetFrameworkMoniker = ".NETFramework,Version%3Dv3.5"
		ProjectReferences = "{3191B653-F76D-4C1A-9A5A-347BC3AAAAB7}|DotNetOpenAuth.dll;{4376ECC9-C346-4A99-B13C-FA93C0FBD2C9}|DotNetOpenAuth.Test.dll;"
		Debug.AspNetCompiler.VirtualPath = "/DotNetOpenAuth.TestWeb"
		Debug.AspNetCompiler.PhysicalPath = "DotNetOpenAuth.TestWeb\"
		Debug.AspNetCompiler.TargetPath = "PrecompiledWeb\DotNetOpenAuth.TestWeb\"
		Debug.AspNetCompiler.Updateable = "false"
		Debug.AspNetCompiler.ForceOverwrite = "true"
		Debug.AspNetCompiler.FixedNames = "false"
		Debug.AspNetCompiler.Debug = "True"
		Release.AspNetCompiler.VirtualPath = "/DotNetOpenAuth.TestWeb"
		Release.AspNetCompiler.PhysicalPath = "DotNetOpenAuth.TestWeb\"
		Release.AspNetCompiler.TargetPath = "PrecompiledWeb\DotNetOpenAuth.TestWeb\"
		Release.AspNetCompiler.Updateable = "false"
		Release.AspNetCompiler.ForceOverwrite = "true"
		Release.AspNetCompiler.FixedNames = "false"
		Release.AspNetCompiler.Debug = "False"
		VWDPort = "5073"
		DefaultWebSiteLanguage = "Visual C#"
		StartServerOnDebug = "false"
	EndProjectSection
EndProject
Project("{FAE04EC0-301F-11D3-BF4B-00C04F79EFBC}") = "OpenIdProviderWebForms", "..\samples\OpenIdProviderWebForms\OpenIdProviderWebForms.csproj", "{2A59DE0A-B76A-4B42-9A33-04D34548353D}"
EndProject
Project("{FAE04EC0-301F-11D3-BF4B-00C04F79EFBC}") = "OpenIdProviderMvc", "..\samples\OpenIdProviderMvc\OpenIdProviderMvc.csproj", "{AEA29D4D-396F-47F6-BC81-B58D4B855245}"
EndProject
Project("{E24C65DC-7377-472B-9ABA-BC803B73C61A}") = "InfoCardRelyingParty", "..\samples\InfoCardRelyingParty\", "{6EB90284-BD15-461C-BBF2-131CF55F7C8B}"
	ProjectSection(WebsiteProperties) = preProject
		TargetFrameworkMoniker = ".NETFramework,Version%3Dv3.5"
		ProjectReferences = "{3191B653-F76D-4C1A-9A5A-347BC3AAAAB7}|DotNetOpenAuth.dll;"
		Debug.AspNetCompiler.VirtualPath = "/InfoCardRelyingParty"
		Debug.AspNetCompiler.PhysicalPath = "..\samples\InfoCardRelyingParty\"
		Debug.AspNetCompiler.TargetPath = "PrecompiledWeb\InfoCardRelyingParty\"
		Debug.AspNetCompiler.Updateable = "true"
		Debug.AspNetCompiler.ForceOverwrite = "true"
		Debug.AspNetCompiler.FixedNames = "false"
		Debug.AspNetCompiler.Debug = "True"
		Release.AspNetCompiler.VirtualPath = "/InfoCardRelyingParty"
		Release.AspNetCompiler.PhysicalPath = "..\samples\InfoCardRelyingParty\"
		Release.AspNetCompiler.TargetPath = "PrecompiledWeb\InfoCardRelyingParty\"
		Release.AspNetCompiler.Updateable = "true"
		Release.AspNetCompiler.ForceOverwrite = "true"
		Release.AspNetCompiler.FixedNames = "false"
		Release.AspNetCompiler.Debug = "False"
		VWDPort = "59719"
		DefaultWebSiteLanguage = "Visual Basic"
		StartServerOnDebug = "false"
	EndProjectSection
EndProject
Project("{FAE04EC0-301F-11D3-BF4B-00C04F79EFBC}") = "OpenIdRelyingPartyMvc", "..\samples\OpenIdRelyingPartyMvc\OpenIdRelyingPartyMvc.csproj", "{07B193F1-68AD-4E9C-98AF-BEFB5E9403CB}"
EndProject
Project("{FAE04EC0-301F-11D3-BF4B-00C04F79EFBC}") = "OpenIdRelyingPartyWebForms", "..\samples\OpenIdRelyingPartyWebForms\OpenIdRelyingPartyWebForms.csproj", "{1E8AEA89-BF69-47A1-B290-E8B0FE588700}"
EndProject
Project("{E24C65DC-7377-472B-9ABA-BC803B73C61A}") = "OpenIdRelyingPartyClassicAsp", "..\samples\OpenIdRelyingPartyClassicAsp\", "{BBACD972-014D-478F-9B07-56B9E1D4CC73}"
	ProjectSection(WebsiteProperties) = preProject
		TargetFrameworkMoniker = ".NETFramework,Version%3Dv3.5"
		Debug.AspNetCompiler.VirtualPath = "/OpenIdRelyingPartyClassicAsp"
		Debug.AspNetCompiler.PhysicalPath = "..\samples\OpenIdRelyingPartyClassicAsp\"
		Debug.AspNetCompiler.TargetPath = "PrecompiledWeb\OpenIdRelyingPartyClassicAsp\"
		Debug.AspNetCompiler.Updateable = "true"
		Debug.AspNetCompiler.ForceOverwrite = "true"
		Debug.AspNetCompiler.FixedNames = "false"
		Debug.AspNetCompiler.Debug = "True"
		Release.AspNetCompiler.VirtualPath = "/OpenIdRelyingPartyClassicAsp"
		Release.AspNetCompiler.PhysicalPath = "..\samples\OpenIdRelyingPartyClassicAsp\"
		Release.AspNetCompiler.TargetPath = "PrecompiledWeb\OpenIdRelyingPartyClassicAsp\"
		Release.AspNetCompiler.Updateable = "true"
		Release.AspNetCompiler.ForceOverwrite = "true"
		Release.AspNetCompiler.FixedNames = "false"
		Release.AspNetCompiler.Debug = "False"
		VWDPort = "10318"
		StartServerOnDebug = "false"
	EndProjectSection
EndProject
Project("{FAE04EC0-301F-11D3-BF4B-00C04F79EFBC}") = "OAuthConsumerWpf", "..\samples\OAuthConsumerWpf\OAuthConsumerWpf.csproj", "{6EC36418-DBC5-4AD1-A402-413604AA7A08}"
EndProject
Project("{FAE04EC0-301F-11D3-BF4B-00C04F79EFBC}") = "OpenIdOfflineProvider", "..\samples\OpenIdOfflineProvider\OpenIdOfflineProvider.csproj", "{5C65603B-235F-47E6-B536-06385C60DE7F}"
EndProject
Project("{FAE04EC0-301F-11D3-BF4B-00C04F79EFBC}") = "WebFormsRelyingParty", "..\projecttemplates\WebFormsRelyingParty\WebFormsRelyingParty.csproj", "{A78F8FC6-7B03-4230-BE41-761E400D6810}"
EndProject
Project("{FAE04EC0-301F-11D3-BF4B-00C04F79EFBC}") = "RelyingPartyLogic", "..\projecttemplates\RelyingPartyLogic\RelyingPartyLogic.csproj", "{17932639-1F50-48AF-B0A5-E2BF832F82CC}"
	ProjectSection(ProjectDependencies) = postProject
		{2B4261AC-25AC-4B8D-B459-1C42B6B1401D} = {2B4261AC-25AC-4B8D-B459-1C42B6B1401D}
	EndProjectSection
EndProject
Project("{C8D11400-126E-41CD-887F-60BD40844F9E}") = "RelyingPartyDatabase", "..\projecttemplates\RelyingPartyDatabase\RelyingPartyDatabase.dbproj", "{2B4261AC-25AC-4B8D-B459-1C42B6B1401D}"
EndProject
Project("{FAE04EC0-301F-11D3-BF4B-00C04F79EFBC}") = "MvcRelyingParty", "..\projecttemplates\MvcRelyingParty\MvcRelyingParty.csproj", "{152B7BAB-E884-4A59-8067-440971A682B3}"
EndProject
Project("{FAE04EC0-301F-11D3-BF4B-00C04F79EFBC}") = "OpenIdWebRingSsoRelyingParty", "..\samples\OpenIdWebRingSsoRelyingParty\OpenIdWebRingSsoRelyingParty.csproj", "{B64A1E7E-6A15-4B91-AF13-7D48F7DA5942}"
EndProject
Project("{FAE04EC0-301F-11D3-BF4B-00C04F79EFBC}") = "OpenIdWebRingSsoProvider", "..\samples\OpenIdWebRingSsoProvider\OpenIdWebRingSsoProvider.csproj", "{0B4EB2A8-283D-48FB-BCD0-85B8DFFE05E4}"
EndProject
Project("{F184B08F-C81C-45F6-A57F-5ABD9991F28F}") = "OpenIdRelyingPartyWebFormsVB", "..\samples\OpenIdRelyingPartyWebFormsVB\OpenIdRelyingPartyWebFormsVB.vbproj", "{F289B925-4307-4BEC-B411-885CE70E3379}"
EndProject
Project("{FAE04EC0-301F-11D3-BF4B-00C04F79EFBC}") = "OAuthClient", "..\samples\OAuthClient\OAuthClient.csproj", "{9529606E-AF76-4387-BFB7-3D10A5B399AA}"
	ProjectSection(ProjectDependencies) = postProject
		{E135F455-0669-49F8-9207-07FCA8C8FC79} = {E135F455-0669-49F8-9207-07FCA8C8FC79}
	EndProjectSection
EndProject
Project("{FAE04EC0-301F-11D3-BF4B-00C04F79EFBC}") = "OAuthResourceServer", "..\samples\OAuthResourceServer\OAuthResourceServer.csproj", "{E135F455-0669-49F8-9207-07FCA8C8FC79}"
EndProject
Project("{FAE04EC0-301F-11D3-BF4B-00C04F79EFBC}") = "OAuthAuthorizationServer", "..\samples\OAuthAuthorizationServer\OAuthAuthorizationServer.csproj", "{C78E8235-1D46-43EB-A912-80B522C4E9AE}"
EndProject
Global
	GlobalSection(SolutionConfigurationPlatforms) = preSolution
		CodeAnalysis|Any CPU = CodeAnalysis|Any CPU
		Debug|Any CPU = Debug|Any CPU
		Release|Any CPU = Release|Any CPU
		ReleaseNoUI|Any CPU = ReleaseNoUI|Any CPU
	EndGlobalSection
	GlobalSection(ProjectConfigurationPlatforms) = postSolution
		{3191B653-F76D-4C1A-9A5A-347BC3AAAAB7}.CodeAnalysis|Any CPU.ActiveCfg = CodeAnalysis|Any CPU
		{3191B653-F76D-4C1A-9A5A-347BC3AAAAB7}.CodeAnalysis|Any CPU.Build.0 = CodeAnalysis|Any CPU
		{3191B653-F76D-4C1A-9A5A-347BC3AAAAB7}.Debug|Any CPU.ActiveCfg = Debug|Any CPU
		{3191B653-F76D-4C1A-9A5A-347BC3AAAAB7}.Debug|Any CPU.Build.0 = Debug|Any CPU
		{3191B653-F76D-4C1A-9A5A-347BC3AAAAB7}.Release|Any CPU.ActiveCfg = Release|Any CPU
		{3191B653-F76D-4C1A-9A5A-347BC3AAAAB7}.Release|Any CPU.Build.0 = Release|Any CPU
		{3191B653-F76D-4C1A-9A5A-347BC3AAAAB7}.ReleaseNoUI|Any CPU.ActiveCfg = ReleaseNoUI|Any CPU
		{3191B653-F76D-4C1A-9A5A-347BC3AAAAB7}.ReleaseNoUI|Any CPU.Build.0 = ReleaseNoUI|Any CPU
		{4376ECC9-C346-4A99-B13C-FA93C0FBD2C9}.CodeAnalysis|Any CPU.ActiveCfg = CodeAnalysis|Any CPU
		{4376ECC9-C346-4A99-B13C-FA93C0FBD2C9}.CodeAnalysis|Any CPU.Build.0 = CodeAnalysis|Any CPU
		{4376ECC9-C346-4A99-B13C-FA93C0FBD2C9}.Debug|Any CPU.ActiveCfg = Debug|Any CPU
		{4376ECC9-C346-4A99-B13C-FA93C0FBD2C9}.Debug|Any CPU.Build.0 = Debug|Any CPU
		{4376ECC9-C346-4A99-B13C-FA93C0FBD2C9}.Release|Any CPU.ActiveCfg = Release|Any CPU
		{4376ECC9-C346-4A99-B13C-FA93C0FBD2C9}.Release|Any CPU.Build.0 = Release|Any CPU
		{4376ECC9-C346-4A99-B13C-FA93C0FBD2C9}.ReleaseNoUI|Any CPU.ActiveCfg = Release|Any CPU
		{AA78D112-D889-414B-A7D4-467B34C7B663}.CodeAnalysis|Any CPU.ActiveCfg = CodeAnalysis|Any CPU
		{AA78D112-D889-414B-A7D4-467B34C7B663}.CodeAnalysis|Any CPU.Build.0 = CodeAnalysis|Any CPU
		{AA78D112-D889-414B-A7D4-467B34C7B663}.Debug|Any CPU.ActiveCfg = Debug|Any CPU
		{AA78D112-D889-414B-A7D4-467B34C7B663}.Debug|Any CPU.Build.0 = Debug|Any CPU
		{AA78D112-D889-414B-A7D4-467B34C7B663}.Release|Any CPU.ActiveCfg = Release|Any CPU
		{AA78D112-D889-414B-A7D4-467B34C7B663}.Release|Any CPU.Build.0 = Release|Any CPU
		{AA78D112-D889-414B-A7D4-467B34C7B663}.ReleaseNoUI|Any CPU.ActiveCfg = Release|Any CPU
		{47A84EF7-68C3-4D47-926A-9CCEA6518531}.CodeAnalysis|Any CPU.ActiveCfg = Debug|Any CPU
		{47A84EF7-68C3-4D47-926A-9CCEA6518531}.CodeAnalysis|Any CPU.Build.0 = Debug|Any CPU
		{47A84EF7-68C3-4D47-926A-9CCEA6518531}.Debug|Any CPU.ActiveCfg = Debug|Any CPU
		{47A84EF7-68C3-4D47-926A-9CCEA6518531}.Debug|Any CPU.Build.0 = Debug|Any CPU
		{47A84EF7-68C3-4D47-926A-9CCEA6518531}.Release|Any CPU.ActiveCfg = Debug|Any CPU
		{47A84EF7-68C3-4D47-926A-9CCEA6518531}.Release|Any CPU.Build.0 = Debug|Any CPU
		{47A84EF7-68C3-4D47-926A-9CCEA6518531}.ReleaseNoUI|Any CPU.ActiveCfg = Debug|Any CPU
		{2A59DE0A-B76A-4B42-9A33-04D34548353D}.CodeAnalysis|Any CPU.ActiveCfg = CodeAnalysis|Any CPU
		{2A59DE0A-B76A-4B42-9A33-04D34548353D}.CodeAnalysis|Any CPU.Build.0 = CodeAnalysis|Any CPU
		{2A59DE0A-B76A-4B42-9A33-04D34548353D}.Debug|Any CPU.ActiveCfg = Debug|Any CPU
		{2A59DE0A-B76A-4B42-9A33-04D34548353D}.Debug|Any CPU.Build.0 = Debug|Any CPU
		{2A59DE0A-B76A-4B42-9A33-04D34548353D}.Release|Any CPU.ActiveCfg = Release|Any CPU
		{2A59DE0A-B76A-4B42-9A33-04D34548353D}.Release|Any CPU.Build.0 = Release|Any CPU
		{2A59DE0A-B76A-4B42-9A33-04D34548353D}.ReleaseNoUI|Any CPU.ActiveCfg = Release|Any CPU
		{AEA29D4D-396F-47F6-BC81-B58D4B855245}.CodeAnalysis|Any CPU.ActiveCfg = Release|Any CPU
		{AEA29D4D-396F-47F6-BC81-B58D4B855245}.CodeAnalysis|Any CPU.Build.0 = Release|Any CPU
		{AEA29D4D-396F-47F6-BC81-B58D4B855245}.Debug|Any CPU.ActiveCfg = Debug|Any CPU
		{AEA29D4D-396F-47F6-BC81-B58D4B855245}.Debug|Any CPU.Build.0 = Debug|Any CPU
		{AEA29D4D-396F-47F6-BC81-B58D4B855245}.Release|Any CPU.ActiveCfg = Release|Any CPU
		{AEA29D4D-396F-47F6-BC81-B58D4B855245}.Release|Any CPU.Build.0 = Release|Any CPU
		{AEA29D4D-396F-47F6-BC81-B58D4B855245}.ReleaseNoUI|Any CPU.ActiveCfg = Release|Any CPU
		{6EB90284-BD15-461C-BBF2-131CF55F7C8B}.CodeAnalysis|Any CPU.ActiveCfg = Debug|Any CPU
		{6EB90284-BD15-461C-BBF2-131CF55F7C8B}.CodeAnalysis|Any CPU.Build.0 = Debug|Any CPU
		{6EB90284-BD15-461C-BBF2-131CF55F7C8B}.Debug|Any CPU.ActiveCfg = Debug|Any CPU
		{6EB90284-BD15-461C-BBF2-131CF55F7C8B}.Debug|Any CPU.Build.0 = Debug|Any CPU
		{6EB90284-BD15-461C-BBF2-131CF55F7C8B}.Release|Any CPU.ActiveCfg = Debug|Any CPU
		{6EB90284-BD15-461C-BBF2-131CF55F7C8B}.Release|Any CPU.Build.0 = Debug|Any CPU
		{6EB90284-BD15-461C-BBF2-131CF55F7C8B}.ReleaseNoUI|Any CPU.ActiveCfg = Debug|Any CPU
		{07B193F1-68AD-4E9C-98AF-BEFB5E9403CB}.CodeAnalysis|Any CPU.ActiveCfg = Release|Any CPU
		{07B193F1-68AD-4E9C-98AF-BEFB5E9403CB}.CodeAnalysis|Any CPU.Build.0 = Release|Any CPU
		{07B193F1-68AD-4E9C-98AF-BEFB5E9403CB}.Debug|Any CPU.ActiveCfg = Debug|Any CPU
		{07B193F1-68AD-4E9C-98AF-BEFB5E9403CB}.Debug|Any CPU.Build.0 = Debug|Any CPU
		{07B193F1-68AD-4E9C-98AF-BEFB5E9403CB}.Release|Any CPU.ActiveCfg = Release|Any CPU
		{07B193F1-68AD-4E9C-98AF-BEFB5E9403CB}.Release|Any CPU.Build.0 = Release|Any CPU
		{07B193F1-68AD-4E9C-98AF-BEFB5E9403CB}.ReleaseNoUI|Any CPU.ActiveCfg = Release|Any CPU
		{1E8AEA89-BF69-47A1-B290-E8B0FE588700}.CodeAnalysis|Any CPU.ActiveCfg = CodeAnalysis|Any CPU
		{1E8AEA89-BF69-47A1-B290-E8B0FE588700}.CodeAnalysis|Any CPU.Build.0 = CodeAnalysis|Any CPU
		{1E8AEA89-BF69-47A1-B290-E8B0FE588700}.Debug|Any CPU.ActiveCfg = Debug|Any CPU
		{1E8AEA89-BF69-47A1-B290-E8B0FE588700}.Debug|Any CPU.Build.0 = Debug|Any CPU
		{1E8AEA89-BF69-47A1-B290-E8B0FE588700}.Release|Any CPU.ActiveCfg = Release|Any CPU
		{1E8AEA89-BF69-47A1-B290-E8B0FE588700}.Release|Any CPU.Build.0 = Release|Any CPU
		{1E8AEA89-BF69-47A1-B290-E8B0FE588700}.ReleaseNoUI|Any CPU.ActiveCfg = Release|Any CPU
		{BBACD972-014D-478F-9B07-56B9E1D4CC73}.CodeAnalysis|Any CPU.ActiveCfg = Debug|Any CPU
		{BBACD972-014D-478F-9B07-56B9E1D4CC73}.CodeAnalysis|Any CPU.Build.0 = Debug|Any CPU
		{BBACD972-014D-478F-9B07-56B9E1D4CC73}.Debug|Any CPU.ActiveCfg = Debug|Any CPU
		{BBACD972-014D-478F-9B07-56B9E1D4CC73}.Debug|Any CPU.Build.0 = Debug|Any CPU
		{BBACD972-014D-478F-9B07-56B9E1D4CC73}.Release|Any CPU.ActiveCfg = Debug|Any CPU
		{BBACD972-014D-478F-9B07-56B9E1D4CC73}.Release|Any CPU.Build.0 = Debug|Any CPU
		{BBACD972-014D-478F-9B07-56B9E1D4CC73}.ReleaseNoUI|Any CPU.ActiveCfg = Debug|Any CPU
		{6EC36418-DBC5-4AD1-A402-413604AA7A08}.CodeAnalysis|Any CPU.ActiveCfg = CodeAnalysis|Any CPU
		{6EC36418-DBC5-4AD1-A402-413604AA7A08}.CodeAnalysis|Any CPU.Build.0 = CodeAnalysis|Any CPU
		{6EC36418-DBC5-4AD1-A402-413604AA7A08}.Debug|Any CPU.ActiveCfg = Debug|Any CPU
		{6EC36418-DBC5-4AD1-A402-413604AA7A08}.Debug|Any CPU.Build.0 = Debug|Any CPU
		{6EC36418-DBC5-4AD1-A402-413604AA7A08}.Release|Any CPU.ActiveCfg = Release|Any CPU
		{6EC36418-DBC5-4AD1-A402-413604AA7A08}.Release|Any CPU.Build.0 = Release|Any CPU
		{6EC36418-DBC5-4AD1-A402-413604AA7A08}.ReleaseNoUI|Any CPU.ActiveCfg = Release|Any CPU
		{5C65603B-235F-47E6-B536-06385C60DE7F}.CodeAnalysis|Any CPU.ActiveCfg = Release|Any CPU
		{5C65603B-235F-47E6-B536-06385C60DE7F}.CodeAnalysis|Any CPU.Build.0 = Release|Any CPU
		{5C65603B-235F-47E6-B536-06385C60DE7F}.Debug|Any CPU.ActiveCfg = Debug|Any CPU
		{5C65603B-235F-47E6-B536-06385C60DE7F}.Debug|Any CPU.Build.0 = Debug|Any CPU
		{5C65603B-235F-47E6-B536-06385C60DE7F}.Release|Any CPU.ActiveCfg = Release|Any CPU
		{5C65603B-235F-47E6-B536-06385C60DE7F}.Release|Any CPU.Build.0 = Release|Any CPU
		{5C65603B-235F-47E6-B536-06385C60DE7F}.ReleaseNoUI|Any CPU.ActiveCfg = Release|Any CPU
		{A78F8FC6-7B03-4230-BE41-761E400D6810}.CodeAnalysis|Any CPU.ActiveCfg = Release|Any CPU
		{A78F8FC6-7B03-4230-BE41-761E400D6810}.CodeAnalysis|Any CPU.Build.0 = Release|Any CPU
		{A78F8FC6-7B03-4230-BE41-761E400D6810}.Debug|Any CPU.ActiveCfg = Debug|Any CPU
		{A78F8FC6-7B03-4230-BE41-761E400D6810}.Debug|Any CPU.Build.0 = Debug|Any CPU
		{A78F8FC6-7B03-4230-BE41-761E400D6810}.Release|Any CPU.ActiveCfg = Release|Any CPU
		{A78F8FC6-7B03-4230-BE41-761E400D6810}.Release|Any CPU.Build.0 = Release|Any CPU
		{A78F8FC6-7B03-4230-BE41-761E400D6810}.ReleaseNoUI|Any CPU.ActiveCfg = Release|Any CPU
		{17932639-1F50-48AF-B0A5-E2BF832F82CC}.CodeAnalysis|Any CPU.ActiveCfg = Release|Any CPU
		{17932639-1F50-48AF-B0A5-E2BF832F82CC}.CodeAnalysis|Any CPU.Build.0 = Release|Any CPU
		{17932639-1F50-48AF-B0A5-E2BF832F82CC}.Debug|Any CPU.ActiveCfg = Debug|Any CPU
		{17932639-1F50-48AF-B0A5-E2BF832F82CC}.Debug|Any CPU.Build.0 = Debug|Any CPU
		{17932639-1F50-48AF-B0A5-E2BF832F82CC}.Release|Any CPU.ActiveCfg = Release|Any CPU
		{17932639-1F50-48AF-B0A5-E2BF832F82CC}.Release|Any CPU.Build.0 = Release|Any CPU
		{17932639-1F50-48AF-B0A5-E2BF832F82CC}.ReleaseNoUI|Any CPU.ActiveCfg = Release|Any CPU
		{2B4261AC-25AC-4B8D-B459-1C42B6B1401D}.CodeAnalysis|Any CPU.ActiveCfg = Debug|Any CPU
		{2B4261AC-25AC-4B8D-B459-1C42B6B1401D}.CodeAnalysis|Any CPU.Build.0 = Debug|Any CPU
		{2B4261AC-25AC-4B8D-B459-1C42B6B1401D}.CodeAnalysis|Any CPU.Deploy.0 = Debug|Any CPU
		{2B4261AC-25AC-4B8D-B459-1C42B6B1401D}.Debug|Any CPU.ActiveCfg = Debug|Any CPU
		{2B4261AC-25AC-4B8D-B459-1C42B6B1401D}.Debug|Any CPU.Build.0 = Debug|Any CPU
		{2B4261AC-25AC-4B8D-B459-1C42B6B1401D}.Debug|Any CPU.Deploy.0 = Debug|Any CPU
		{2B4261AC-25AC-4B8D-B459-1C42B6B1401D}.Release|Any CPU.ActiveCfg = Release|Any CPU
		{2B4261AC-25AC-4B8D-B459-1C42B6B1401D}.Release|Any CPU.Build.0 = Release|Any CPU
		{2B4261AC-25AC-4B8D-B459-1C42B6B1401D}.Release|Any CPU.Deploy.0 = Release|Any CPU
		{2B4261AC-25AC-4B8D-B459-1C42B6B1401D}.ReleaseNoUI|Any CPU.ActiveCfg = Release|Any CPU
		{152B7BAB-E884-4A59-8067-440971A682B3}.CodeAnalysis|Any CPU.ActiveCfg = Release|Any CPU
		{152B7BAB-E884-4A59-8067-440971A682B3}.CodeAnalysis|Any CPU.Build.0 = Release|Any CPU
		{152B7BAB-E884-4A59-8067-440971A682B3}.Debug|Any CPU.ActiveCfg = Debug|Any CPU
		{152B7BAB-E884-4A59-8067-440971A682B3}.Debug|Any CPU.Build.0 = Debug|Any CPU
		{152B7BAB-E884-4A59-8067-440971A682B3}.Release|Any CPU.ActiveCfg = Release|Any CPU
		{152B7BAB-E884-4A59-8067-440971A682B3}.Release|Any CPU.Build.0 = Release|Any CPU
		{152B7BAB-E884-4A59-8067-440971A682B3}.ReleaseNoUI|Any CPU.ActiveCfg = Release|Any CPU
		{B64A1E7E-6A15-4B91-AF13-7D48F7DA5942}.CodeAnalysis|Any CPU.ActiveCfg = Release|Any CPU
		{B64A1E7E-6A15-4B91-AF13-7D48F7DA5942}.CodeAnalysis|Any CPU.Build.0 = Release|Any CPU
		{B64A1E7E-6A15-4B91-AF13-7D48F7DA5942}.Debug|Any CPU.ActiveCfg = Debug|Any CPU
		{B64A1E7E-6A15-4B91-AF13-7D48F7DA5942}.Debug|Any CPU.Build.0 = Debug|Any CPU
		{B64A1E7E-6A15-4B91-AF13-7D48F7DA5942}.Release|Any CPU.ActiveCfg = Release|Any CPU
		{B64A1E7E-6A15-4B91-AF13-7D48F7DA5942}.Release|Any CPU.Build.0 = Release|Any CPU
		{B64A1E7E-6A15-4B91-AF13-7D48F7DA5942}.ReleaseNoUI|Any CPU.ActiveCfg = Release|Any CPU
		{0B4EB2A8-283D-48FB-BCD0-85B8DFFE05E4}.CodeAnalysis|Any CPU.ActiveCfg = Release|Any CPU
		{0B4EB2A8-283D-48FB-BCD0-85B8DFFE05E4}.CodeAnalysis|Any CPU.Build.0 = Release|Any CPU
		{0B4EB2A8-283D-48FB-BCD0-85B8DFFE05E4}.Debug|Any CPU.ActiveCfg = Debug|Any CPU
		{0B4EB2A8-283D-48FB-BCD0-85B8DFFE05E4}.Debug|Any CPU.Build.0 = Debug|Any CPU
		{0B4EB2A8-283D-48FB-BCD0-85B8DFFE05E4}.Release|Any CPU.ActiveCfg = Release|Any CPU
		{0B4EB2A8-283D-48FB-BCD0-85B8DFFE05E4}.Release|Any CPU.Build.0 = Release|Any CPU
		{0B4EB2A8-283D-48FB-BCD0-85B8DFFE05E4}.ReleaseNoUI|Any CPU.ActiveCfg = Release|Any CPU
		{F289B925-4307-4BEC-B411-885CE70E3379}.CodeAnalysis|Any CPU.ActiveCfg = Release|Any CPU
		{F289B925-4307-4BEC-B411-885CE70E3379}.CodeAnalysis|Any CPU.Build.0 = Release|Any CPU
		{F289B925-4307-4BEC-B411-885CE70E3379}.Debug|Any CPU.ActiveCfg = Debug|Any CPU
		{F289B925-4307-4BEC-B411-885CE70E3379}.Debug|Any CPU.Build.0 = Debug|Any CPU
		{F289B925-4307-4BEC-B411-885CE70E3379}.Release|Any CPU.ActiveCfg = Release|Any CPU
		{F289B925-4307-4BEC-B411-885CE70E3379}.Release|Any CPU.Build.0 = Release|Any CPU
		{F289B925-4307-4BEC-B411-885CE70E3379}.ReleaseNoUI|Any CPU.ActiveCfg = Release|Any CPU
		{9529606E-AF76-4387-BFB7-3D10A5B399AA}.CodeAnalysis|Any CPU.ActiveCfg = Release|Any CPU
		{9529606E-AF76-4387-BFB7-3D10A5B399AA}.CodeAnalysis|Any CPU.Build.0 = Release|Any CPU
		{9529606E-AF76-4387-BFB7-3D10A5B399AA}.Debug|Any CPU.ActiveCfg = Debug|Any CPU
		{9529606E-AF76-4387-BFB7-3D10A5B399AA}.Debug|Any CPU.Build.0 = Debug|Any CPU
		{9529606E-AF76-4387-BFB7-3D10A5B399AA}.Release|Any CPU.ActiveCfg = Release|Any CPU
		{9529606E-AF76-4387-BFB7-3D10A5B399AA}.Release|Any CPU.Build.0 = Release|Any CPU
		{9529606E-AF76-4387-BFB7-3D10A5B399AA}.ReleaseNoUI|Any CPU.ActiveCfg = Release|Any CPU
		{E135F455-0669-49F8-9207-07FCA8C8FC79}.CodeAnalysis|Any CPU.ActiveCfg = Release|Any CPU
		{E135F455-0669-49F8-9207-07FCA8C8FC79}.CodeAnalysis|Any CPU.Build.0 = Release|Any CPU
		{E135F455-0669-49F8-9207-07FCA8C8FC79}.Debug|Any CPU.ActiveCfg = Debug|Any CPU
		{E135F455-0669-49F8-9207-07FCA8C8FC79}.Debug|Any CPU.Build.0 = Debug|Any CPU
		{E135F455-0669-49F8-9207-07FCA8C8FC79}.Release|Any CPU.ActiveCfg = Release|Any CPU
		{E135F455-0669-49F8-9207-07FCA8C8FC79}.Release|Any CPU.Build.0 = Release|Any CPU
		{E135F455-0669-49F8-9207-07FCA8C8FC79}.ReleaseNoUI|Any CPU.ActiveCfg = Release|Any CPU
		{C78E8235-1D46-43EB-A912-80B522C4E9AE}.CodeAnalysis|Any CPU.ActiveCfg = Release|Any CPU
		{C78E8235-1D46-43EB-A912-80B522C4E9AE}.CodeAnalysis|Any CPU.Build.0 = Release|Any CPU
		{C78E8235-1D46-43EB-A912-80B522C4E9AE}.Debug|Any CPU.ActiveCfg = Debug|Any CPU
		{C78E8235-1D46-43EB-A912-80B522C4E9AE}.Debug|Any CPU.Build.0 = Debug|Any CPU
		{C78E8235-1D46-43EB-A912-80B522C4E9AE}.Release|Any CPU.ActiveCfg = Release|Any CPU
		{C78E8235-1D46-43EB-A912-80B522C4E9AE}.Release|Any CPU.Build.0 = Release|Any CPU
		{C78E8235-1D46-43EB-A912-80B522C4E9AE}.ReleaseNoUI|Any CPU.ActiveCfg = Release|Any CPU
		{C78E8235-1D46-43EB-A912-80B522C4E9AE}.ReleaseNoUI|Any CPU.Build.0 = Release|Any CPU
	EndGlobalSection
	GlobalSection(SolutionProperties) = preSolution
		HideSolutionNode = FALSE
	EndGlobalSection
	GlobalSection(NestedProjects) = preSolution
		{CD57219F-24F4-4136-8741-6063D0D7A031} = {20B5E173-C3C4-49F8-BD25-E69044075B4D}
		{034D5B5B-7D00-4A9D-8AFE-4A476E0575B1} = {B4C6F647-C046-4B54-BE12-7701C4119EE7}
		{1E2CBAA5-60A3-4AED-912E-541F5753CDC6} = {B4C6F647-C046-4B54-BE12-7701C4119EE7}
		{8A5CEDB9-7F8A-4BE2-A1B9-97130F453277} = {B4C6F647-C046-4B54-BE12-7701C4119EE7}
		{AA78D112-D889-414B-A7D4-467B34C7B663} = {B4C6F647-C046-4B54-BE12-7701C4119EE7}
		{2A59DE0A-B76A-4B42-9A33-04D34548353D} = {034D5B5B-7D00-4A9D-8AFE-4A476E0575B1}
		{AEA29D4D-396F-47F6-BC81-B58D4B855245} = {034D5B5B-7D00-4A9D-8AFE-4A476E0575B1}
		{07B193F1-68AD-4E9C-98AF-BEFB5E9403CB} = {034D5B5B-7D00-4A9D-8AFE-4A476E0575B1}
		{1E8AEA89-BF69-47A1-B290-E8B0FE588700} = {034D5B5B-7D00-4A9D-8AFE-4A476E0575B1}
		{BBACD972-014D-478F-9B07-56B9E1D4CC73} = {034D5B5B-7D00-4A9D-8AFE-4A476E0575B1}
		{B64A1E7E-6A15-4B91-AF13-7D48F7DA5942} = {034D5B5B-7D00-4A9D-8AFE-4A476E0575B1}
		{0B4EB2A8-283D-48FB-BCD0-85B8DFFE05E4} = {034D5B5B-7D00-4A9D-8AFE-4A476E0575B1}
		{F289B925-4307-4BEC-B411-885CE70E3379} = {034D5B5B-7D00-4A9D-8AFE-4A476E0575B1}
		{6EC36418-DBC5-4AD1-A402-413604AA7A08} = {1E2CBAA5-60A3-4AED-912E-541F5753CDC6}
		{9529606E-AF76-4387-BFB7-3D10A5B399AA} = {1E2CBAA5-60A3-4AED-912E-541F5753CDC6}
		{E135F455-0669-49F8-9207-07FCA8C8FC79} = {1E2CBAA5-60A3-4AED-912E-541F5753CDC6}
		{C78E8235-1D46-43EB-A912-80B522C4E9AE} = {1E2CBAA5-60A3-4AED-912E-541F5753CDC6}
		{6EB90284-BD15-461C-BBF2-131CF55F7C8B} = {8A5CEDB9-7F8A-4BE2-A1B9-97130F453277}
		{5C65603B-235F-47E6-B536-06385C60DE7F} = {E9ED920D-1F83-48C0-9A4B-09CCE505FE6D}
		{A78F8FC6-7B03-4230-BE41-761E400D6810} = {B9EB8729-4B54-4453-B089-FE6761BA3057}
		{17932639-1F50-48AF-B0A5-E2BF832F82CC} = {B9EB8729-4B54-4453-B089-FE6761BA3057}
		{2B4261AC-25AC-4B8D-B459-1C42B6B1401D} = {B9EB8729-4B54-4453-B089-FE6761BA3057}
		{152B7BAB-E884-4A59-8067-440971A682B3} = {B9EB8729-4B54-4453-B089-FE6761BA3057}
	EndGlobalSection
EndGlobal
